PODS:
  - TencentOpenApiSDK (3.1.3)
  - WeChatSDK (1.7.5)
  - WeiboSDK (3.1.4)

DEPENDENCIES:
  - TencentOpenApiSDK (from `https://github.com/GagSquad/TencentOpenApiSDK.git`)
  - WeChatSDK (from `https://github.com/GagSquad/WeChatSDK.git`)
  - WeiboSDK (from `https://github.com/sinaweibosdk/weibo_ios_sdk.git`)

EXTERNAL SOURCES:
  TencentOpenApiSDK:
    :git: https://github.com/GagSquad/TencentOpenApiSDK.git
  WeChatSDK:
    :git: https://github.com/GagSquad/WeChatSDK.git
  WeiboSDK:
    :git: https://github.com/sinaweibosdk/weibo_ios_sdk.git

CHECKOUT OPTIONS:
  TencentOpenApiSDK:
    :commit: db353690d46a10c45a9b82a15a1b49561db67482
    :git: https://github.com/GagSquad/TencentOpenApiSDK.git
  WeChatSDK:
    :commit: 59a24d996bf616f22a997b3eadb9012676cdc064
    :git: https://github.com/GagSquad/WeChatSDK.git
  WeiboSDK:
    :commit: 3daf7147ddd0fde3b04a61d8d94327d41d0c239c
    :git: https://github.com/sinaweibosdk/weibo_ios_sdk.git

SPEC CHECKSUMS:
  TencentOpenApiSDK: 83ba912712a5b86379a19303421e00ab5234e0a4
  WeChatSDK: 02541adbc7e33995541d0d0cfa4fd73560f5bfd9
  WeiboSDK: bceab625ec59b7039ba721cc4ba9f5868804f63e

PODFILE CHECKSUM: bdfacbe63a0d7f97ab2b70fb179ecd251af0c180

COCOAPODS: 1.1.1
