PODS:
  - TencentOpenApiSDK (3.1.3)
  - WeiboSDK (3.1.4)

DEPENDENCIES:
  - TencentOpenApiSDK (from `https://github.com/GagSquad/TencentOpenApiSDK.git`)
  - WeiboSDK (from `https://github.com/sinaweibosdk/weibo_ios_sdk.git`)

EXTERNAL SOURCES:
  TencentOpenApiSDK:
    :git: https://github.com/GagSquad/TencentOpenApiSDK.git
  WeiboSDK:
    :git: https://github.com/sinaweibosdk/weibo_ios_sdk.git

CHECKOUT OPTIONS:
  TencentOpenApiSDK:
    :commit: db353690d46a10c45a9b82a15a1b49561db67482
    :git: https://github.com/GagSquad/TencentOpenApiSDK.git
  WeiboSDK:
    :commit: 3daf7147ddd0fde3b04a61d8d94327d41d0c239c
    :git: https://github.com/sinaweibosdk/weibo_ios_sdk.git

SPEC CHECKSUMS:
  TencentOpenApiSDK: 83ba912712a5b86379a19303421e00ab5234e0a4
  WeiboSDK: bceab625ec59b7039ba721cc4ba9f5868804f63e

PODFILE CHECKSUM: dabf3bdba052548ac6fed5e414df352c48fa9815

COCOAPODS: 1.1.1
