PODS:
  - GSTencentOpenApiSDK (3.1.3)
  - GSWeChatSDK (1.7.5)
  - GSWeiboSDK (3.1.4)

DEPENDENCIES:
  - GSTencentOpenApiSDK (~> 3.1.3)
  - GSWeChatSDK (~> 1.7.5)
  - GSWeiboSDK (~> 3.1.4)

SPEC CHECKSUMS:
  GSTencentOpenApiSDK: 637c49faa1dd6656266b8fe95eaa31babff11d92
  GSWeChatSDK: 05aec73b2e645c3a3d76f68f513e935604f4886b
  GSWeiboSDK: 7ba13169ecd2f47ab4f4c14130ae0aedfe3d63a7

PODFILE CHECKSUM: f69a8e433675c5dc94caa838f3361e38292f70dc

COCOAPODS: 1.1.1
