// !$*UTF8*$!
{
	archiveVersion = 1;
	classes = {
	};
	objectVersion = 46;
	objects = {

/* Begin PBXBuildFile section */
		0E4B31F21E0294A000F231F0 /* AppDelegate.swift in Sources */ = {isa = PBXBuildFile; fileRef = 0E4B31F11E0294A000F231F0 /* AppDelegate.swift */; };
		0E4B31F71E0294A000F231F0 /* Main.storyboard in Resources */ = {isa = PBXBuildFile; fileRef = 0E4B31F51E0294A000F231F0 /* Main.storyboard */; };
		0E4B31F91E0294A000F231F0 /* Assets.xcassets in Resources */ = {isa = PBXBuildFile; fileRef = 0E4B31F81E0294A000F231F0 /* Assets.xcassets */; };
		0E4B31FC1E0294A000F231F0 /* LaunchScreen.storyboard in Resources */ = {isa = PBXBuildFile; fileRef = 0E4B31FA1E0294A000F231F0 /* LaunchScreen.storyboard */; };
		0E4B320C1E02962C00F231F0 /* SocialSDK.h in Headers */ = {isa = PBXBuildFile; fileRef = 0E4B320A1E02962C00F231F0 /* SocialSDK.h */; settings = {ATTRIBUTES = (Public, ); }; };
		0E4B320F1E02962C00F231F0 /* SocialSDK.framework in Frameworks */ = {isa = PBXBuildFile; fileRef = 0E4B32081E02962C00F231F0 /* SocialSDK.framework */; };
		0E4B32101E02962C00F231F0 /* SocialSDK.framework in Embed Frameworks */ = {isa = PBXBuildFile; fileRef = 0E4B32081E02962C00F231F0 /* SocialSDK.framework */; settings = {ATTRIBUTES = (CodeSignOnCopy, RemoveHeadersOnCopy, ); }; };
		0E5B21861ECEDFAF00CFE867 /* GSSelectViewProtocol.h in Headers */ = {isa = PBXBuildFile; fileRef = 0E5B21851ECEDFAF00CFE867 /* GSSelectViewProtocol.h */; settings = {ATTRIBUTES = (Public, ); }; };
		0E5B218D1ECEE30000CFE867 /* GSActionSheetSelectView.h in Headers */ = {isa = PBXBuildFile; fileRef = 0E5B21871ECEE30000CFE867 /* GSActionSheetSelectView.h */; settings = {ATTRIBUTES = (Public, ); }; };
		0E5B218E1ECEE30000CFE867 /* GSActionSheetSelectView.m in Sources */ = {isa = PBXBuildFile; fileRef = 0E5B21881ECEE30000CFE867 /* GSActionSheetSelectView.m */; };
		0E5B218F1ECEE30000CFE867 /* GSSimpleSelectView.h in Headers */ = {isa = PBXBuildFile; fileRef = 0E5B21891ECEE30000CFE867 /* GSSimpleSelectView.h */; settings = {ATTRIBUTES = (Public, ); }; };
		0E5B21901ECEE30000CFE867 /* GSSimpleSelectView.m in Sources */ = {isa = PBXBuildFile; fileRef = 0E5B218A1ECEE30000CFE867 /* GSSimpleSelectView.m */; };
		0E5B21911ECEE30000CFE867 /* GSTextSelectView.h in Headers */ = {isa = PBXBuildFile; fileRef = 0E5B218B1ECEE30000CFE867 /* GSTextSelectView.h */; settings = {ATTRIBUTES = (Public, ); }; };
		0E5B21921ECEE30000CFE867 /* GSTextSelectView.m in Sources */ = {isa = PBXBuildFile; fileRef = 0E5B218C1ECEE30000CFE867 /* GSTextSelectView.m */; };
		0E7A408B1E078C9C0083899C /* GSCollectionViewHorizontalLayout.h in Headers */ = {isa = PBXBuildFile; fileRef = 0E7A40891E078C9C0083899C /* GSCollectionViewHorizontalLayout.h */; };
		0E7A408C1E078C9C0083899C /* GSCollectionViewHorizontalLayout.m in Sources */ = {isa = PBXBuildFile; fileRef = 0E7A408A1E078C9C0083899C /* GSCollectionViewHorizontalLayout.m */; };
		0E7A40911E07AF4D0083899C /* GSCollectionViewCell.h in Headers */ = {isa = PBXBuildFile; fileRef = 0E7A408F1E07AF4D0083899C /* GSCollectionViewCell.h */; };
		0E7A40921E07AF4D0083899C /* GSCollectionViewCell.m in Sources */ = {isa = PBXBuildFile; fileRef = 0E7A40901E07AF4D0083899C /* GSCollectionViewCell.m */; };
		0E90C00E1E03C6C9000D646E /* GSViewController.m in Sources */ = {isa = PBXBuildFile; fileRef = 0E90C00D1E03C6C9000D646E /* GSViewController.m */; };
		0E97D1081E14AB9E0077B44E /* GSLogoReources.h in Headers */ = {isa = PBXBuildFile; fileRef = 0E97D1031E14AB9E0077B44E /* GSLogoReources.h */; };
		0E97D1091E14AB9E0077B44E /* GSLogoReources.m in Sources */ = {isa = PBXBuildFile; fileRef = 0E97D1041E14AB9E0077B44E /* GSLogoReources.m */; };
		0E97D10A1E14AB9E0077B44E /* GSLogoReourcesType.h in Headers */ = {isa = PBXBuildFile; fileRef = 0E97D1051E14AB9E0077B44E /* GSLogoReourcesType.h */; settings = {ATTRIBUTES = (Public, ); }; };
		0E97D10B1E14AB9E0077B44E /* GSReourcesManager.h in Headers */ = {isa = PBXBuildFile; fileRef = 0E97D1061E14AB9E0077B44E /* GSReourcesManager.h */; };
		0E97D10C1E14AB9E0077B44E /* GSReourcesManager.m in Sources */ = {isa = PBXBuildFile; fileRef = 0E97D1071E14AB9E0077B44E /* GSReourcesManager.m */; };
		0E97D1111E14ABC40077B44E /* GSLogger.h in Headers */ = {isa = PBXBuildFile; fileRef = 0E97D10E1E14ABC40077B44E /* GSLogger.h */; };
		0E97D1121E14ABC40077B44E /* GSLoggerConfig.h in Headers */ = {isa = PBXBuildFile; fileRef = 0E97D10F1E14ABC40077B44E /* GSLoggerConfig.h */; settings = {ATTRIBUTES = (Public, ); }; };
		0E97D1131E14ABC40077B44E /* GSLoggerConfig.m in Sources */ = {isa = PBXBuildFile; fileRef = 0E97D1101E14ABC40077B44E /* GSLoggerConfig.m */; };
		0E97D1251E14AC050077B44E /* GSBasePlatformParamConfig.h in Headers */ = {isa = PBXBuildFile; fileRef = 0E97D1161E14AC050077B44E /* GSBasePlatformParamConfig.h */; };
		0E97D1261E14AC050077B44E /* GSBasePlatformParamConfig.m in Sources */ = {isa = PBXBuildFile; fileRef = 0E97D1171E14AC050077B44E /* GSBasePlatformParamConfig.m */; };
		0E97D1271E14AC050077B44E /* GSPlatformParamConfigManager.h in Headers */ = {isa = PBXBuildFile; fileRef = 0E97D1181E14AC050077B44E /* GSPlatformParamConfigManager.h */; settings = {ATTRIBUTES = (Public, ); }; };
		0E97D1281E14AC050077B44E /* GSPlatformParamConfigManager.m in Sources */ = {isa = PBXBuildFile; fileRef = 0E97D1191E14AC050077B44E /* GSPlatformParamConfigManager.m */; };
		0E97D1291E14AC050077B44E /* GSPlatformParamConfigProtocol.h in Headers */ = {isa = PBXBuildFile; fileRef = 0E97D11A1E14AC050077B44E /* GSPlatformParamConfigProtocol.h */; };
		0E97D12A1E14AC050077B44E /* GSPlatformType.h in Headers */ = {isa = PBXBuildFile; fileRef = 0E97D11B1E14AC050077B44E /* GSPlatformType.h */; settings = {ATTRIBUTES = (Public, ); }; };
		0E97D12B1E14AC050077B44E /* GSQQPlatformParamConfig.h in Headers */ = {isa = PBXBuildFile; fileRef = 0E97D11D1E14AC050077B44E /* GSQQPlatformParamConfig.h */; };
		0E97D12C1E14AC050077B44E /* GSQQPlatformParamConfig.m in Sources */ = {isa = PBXBuildFile; fileRef = 0E97D11E1E14AC050077B44E /* GSQQPlatformParamConfig.m */; };
		0E97D12D1E14AC050077B44E /* GSSinaPlatformParamConfig.h in Headers */ = {isa = PBXBuildFile; fileRef = 0E97D1201E14AC050077B44E /* GSSinaPlatformParamConfig.h */; };
		0E97D12E1E14AC050077B44E /* GSSinaPlatformParamConfig.m in Sources */ = {isa = PBXBuildFile; fileRef = 0E97D1211E14AC050077B44E /* GSSinaPlatformParamConfig.m */; };
		0E97D12F1E14AC050077B44E /* GSWeChatPlatformParamConfig.h in Headers */ = {isa = PBXBuildFile; fileRef = 0E97D1231E14AC050077B44E /* GSWeChatPlatformParamConfig.h */; };
		0E97D1301E14AC050077B44E /* GSWeChatPlatformParamConfig.m in Sources */ = {isa = PBXBuildFile; fileRef = 0E97D1241E14AC050077B44E /* GSWeChatPlatformParamConfig.m */; };
		0E97D14B1E14ACD20077B44E /* GSBaseShare.h in Headers */ = {isa = PBXBuildFile; fileRef = 0E97D1331E14ACD20077B44E /* GSBaseShare.h */; };
		0E97D14C1E14ACD20077B44E /* GSBaseShare.m in Sources */ = {isa = PBXBuildFile; fileRef = 0E97D1341E14ACD20077B44E /* GSBaseShare.m */; };
		0E97D14D1E14ACD20077B44E /* GSShareChannelType.h in Headers */ = {isa = PBXBuildFile; fileRef = 0E97D1351E14ACD20077B44E /* GSShareChannelType.h */; settings = {ATTRIBUTES = (Public, ); }; };
		0E97D14E1E14ACD20077B44E /* GSShareManager.h in Headers */ = {isa = PBXBuildFile; fileRef = 0E97D1361E14ACD20077B44E /* GSShareManager.h */; settings = {ATTRIBUTES = (Public, ); }; };
		0E97D14F1E14ACD20077B44E /* GSShareManager.m in Sources */ = {isa = PBXBuildFile; fileRef = 0E97D1371E14ACD20077B44E /* GSShareManager.m */; };
		0E97D1501E14ACD20077B44E /* GSShareProtocol.h in Headers */ = {isa = PBXBuildFile; fileRef = 0E97D1381E14ACD20077B44E /* GSShareProtocol.h */; settings = {ATTRIBUTES = (Public, ); }; };
		0E97D1511E14ACD20077B44E /* GSShareResult.h in Headers */ = {isa = PBXBuildFile; fileRef = 0E97D1391E14ACD20077B44E /* GSShareResult.h */; };
		0E97D1521E14ACD20077B44E /* GSShareResult.m in Sources */ = {isa = PBXBuildFile; fileRef = 0E97D13A1E14ACD20077B44E /* GSShareResult.m */; };
		0E97D1531E14ACD20077B44E /* GSShareResultProtocol.h in Headers */ = {isa = PBXBuildFile; fileRef = 0E97D13B1E14ACD20077B44E /* GSShareResultProtocol.h */; settings = {ATTRIBUTES = (Public, ); }; };
		0E97D1541E14ACD20077B44E /* GSQQShare.h in Headers */ = {isa = PBXBuildFile; fileRef = 0E97D13D1E14ACD20077B44E /* GSQQShare.h */; };
		0E97D1551E14ACD20077B44E /* GSQQShare.m in Sources */ = {isa = PBXBuildFile; fileRef = 0E97D13E1E14ACD20077B44E /* GSQQShare.m */; };
		0E97D1561E14ACD20077B44E /* GSQzoneShare.h in Headers */ = {isa = PBXBuildFile; fileRef = 0E97D1401E14ACD20077B44E /* GSQzoneShare.h */; };
		0E97D1571E14ACD20077B44E /* GSQzoneShare.m in Sources */ = {isa = PBXBuildFile; fileRef = 0E97D1411E14ACD20077B44E /* GSQzoneShare.m */; };
		0E97D1581E14ACD20077B44E /* GSSinaShare.h in Headers */ = {isa = PBXBuildFile; fileRef = 0E97D1431E14ACD20077B44E /* GSSinaShare.h */; };
		0E97D1591E14ACD20077B44E /* GSSinaShare.m in Sources */ = {isa = PBXBuildFile; fileRef = 0E97D1441E14ACD20077B44E /* GSSinaShare.m */; };
		0E97D15A1E14ACD20077B44E /* GSWeChatSessionShare.h in Headers */ = {isa = PBXBuildFile; fileRef = 0E97D1461E14ACD20077B44E /* GSWeChatSessionShare.h */; };
		0E97D15B1E14ACD20077B44E /* GSWeChatSessionShare.m in Sources */ = {isa = PBXBuildFile; fileRef = 0E97D1471E14ACD20077B44E /* GSWeChatSessionShare.m */; };
		0E97D15C1E14ACD20077B44E /* GSWeChatTimeLineShare.h in Headers */ = {isa = PBXBuildFile; fileRef = 0E97D1491E14ACD20077B44E /* GSWeChatTimeLineShare.h */; };
		0E97D15D1E14ACD20077B44E /* GSWeChatTimeLineShare.m in Sources */ = {isa = PBXBuildFile; fileRef = 0E97D14A1E14ACD20077B44E /* GSWeChatTimeLineShare.m */; };
		0E97D1721E14AD120077B44E /* GSBaseLogin.h in Headers */ = {isa = PBXBuildFile; fileRef = 0E97D1601E14AD120077B44E /* GSBaseLogin.h */; };
		0E97D1731E14AD120077B44E /* GSBaseLogin.m in Sources */ = {isa = PBXBuildFile; fileRef = 0E97D1611E14AD120077B44E /* GSBaseLogin.m */; };
		0E97D1741E14AD120077B44E /* GSLoginChannelType.h in Headers */ = {isa = PBXBuildFile; fileRef = 0E97D1621E14AD120077B44E /* GSLoginChannelType.h */; settings = {ATTRIBUTES = (Public, ); }; };
		0E97D1751E14AD120077B44E /* GSLoginManager.h in Headers */ = {isa = PBXBuildFile; fileRef = 0E97D1631E14AD120077B44E /* GSLoginManager.h */; settings = {ATTRIBUTES = (Public, ); }; };
		0E97D1761E14AD120077B44E /* GSLoginManager.m in Sources */ = {isa = PBXBuildFile; fileRef = 0E97D1641E14AD120077B44E /* GSLoginManager.m */; };
		0E97D1771E14AD120077B44E /* GSLoginProtocol.h in Headers */ = {isa = PBXBuildFile; fileRef = 0E97D1651E14AD120077B44E /* GSLoginProtocol.h */; settings = {ATTRIBUTES = (Public, ); }; };
		0E97D1781E14AD120077B44E /* GSLoginResult.h in Headers */ = {isa = PBXBuildFile; fileRef = 0E97D1661E14AD120077B44E /* GSLoginResult.h */; };
		0E97D1791E14AD120077B44E /* GSLoginResult.m in Sources */ = {isa = PBXBuildFile; fileRef = 0E97D1671E14AD120077B44E /* GSLoginResult.m */; };
		0E97D17A1E14AD120077B44E /* GSLoginResultProtocol.h in Headers */ = {isa = PBXBuildFile; fileRef = 0E97D1681E14AD120077B44E /* GSLoginResultProtocol.h */; settings = {ATTRIBUTES = (Public, ); }; };
		0E97D17B1E14AD120077B44E /* GSQQLogin.h in Headers */ = {isa = PBXBuildFile; fileRef = 0E97D16A1E14AD120077B44E /* GSQQLogin.h */; };
		0E97D17C1E14AD120077B44E /* GSQQLogin.m in Sources */ = {isa = PBXBuildFile; fileRef = 0E97D16B1E14AD120077B44E /* GSQQLogin.m */; };
		0E97D17D1E14AD120077B44E /* GSSinaLogin.h in Headers */ = {isa = PBXBuildFile; fileRef = 0E97D16D1E14AD120077B44E /* GSSinaLogin.h */; };
		0E97D17E1E14AD120077B44E /* GSSinaLogin.m in Sources */ = {isa = PBXBuildFile; fileRef = 0E97D16E1E14AD120077B44E /* GSSinaLogin.m */; };
		0E97D17F1E14AD120077B44E /* GSWeChatLogin.h in Headers */ = {isa = PBXBuildFile; fileRef = 0E97D1701E14AD120077B44E /* GSWeChatLogin.h */; };
		0E97D1801E14AD120077B44E /* GSWeChatLogin.m in Sources */ = {isa = PBXBuildFile; fileRef = 0E97D1711E14AD120077B44E /* GSWeChatLogin.m */; };
		0E97D1AC1E14F3310077B44E /* GSSocialSDKResources.bundle in Resources */ = {isa = PBXBuildFile; fileRef = 0E97D1AB1E14F3310077B44E /* GSSocialSDKResources.bundle */; };
		0EAB85951E0A8265004C6004 /* default.png in Resources */ = {isa = PBXBuildFile; fileRef = 0EAB85941E0A8265004C6004 /* default.png */; };
		0EB543FE1E164A540078D5FD /* GSHandleProtocol.h in Headers */ = {isa = PBXBuildFile; fileRef = 0EB543FD1E164A540078D5FD /* GSHandleProtocol.h */; settings = {ATTRIBUTES = (Public, ); }; };
		0EB544011E164ABA0078D5FD /* GSSocialManager.h in Headers */ = {isa = PBXBuildFile; fileRef = 0EB543FF1E164ABA0078D5FD /* GSSocialManager.h */; settings = {ATTRIBUTES = (Public, ); }; };
		0EB544021E164ABA0078D5FD /* GSSocialManager.m in Sources */ = {isa = PBXBuildFile; fileRef = 0EB544001E164ABA0078D5FD /* GSSocialManager.m */; };
		0EDF13C01E03BAB700C554FC /* GSPayManager.h in Headers */ = {isa = PBXBuildFile; fileRef = 0EDF13BE1E03BAB700C554FC /* GSPayManager.h */; };
		0EDF13C11E03BAB700C554FC /* GSPayManager.m in Sources */ = {isa = PBXBuildFile; fileRef = 0EDF13BF1E03BAB700C554FC /* GSPayManager.m */; };
		3B19FE4FCCAA38FC76F03105 /* Pods_SocialSDKDemo.framework in Frameworks */ = {isa = PBXBuildFile; fileRef = EAA65CA283A949C0585437B0 /* Pods_SocialSDKDemo.framework */; };
		6EE178E64608D9FE80D853D6 /* Pods_SocialSDK.framework in Frameworks */ = {isa = PBXBuildFile; fileRef = 828793C50AC8B1B8F0E93277 /* Pods_SocialSDK.framework */; };
/* End PBXBuildFile section */

/* Begin PBXContainerItemProxy section */
		0E4B320D1E02962C00F231F0 /* PBXContainerItemProxy */ = {
			isa = PBXContainerItemProxy;
			containerPortal = 0E4B31E61E0294A000F231F0 /* Project object */;
			proxyType = 1;
			remoteGlobalIDString = 0E4B32071E02962C00F231F0;
			remoteInfo = SocialSDK;
		};
/* End PBXContainerItemProxy section */

/* Begin PBXCopyFilesBuildPhase section */
		0E4B32141E02962C00F231F0 /* Embed Frameworks */ = {
			isa = PBXCopyFilesBuildPhase;
			buildActionMask = 2147483647;
			dstPath = "";
			dstSubfolderSpec = 10;
			files = (
				0E4B32101E02962C00F231F0 /* SocialSDK.framework in Embed Frameworks */,
			);
			name = "Embed Frameworks";
			runOnlyForDeploymentPostprocessing = 0;
		};
/* End PBXCopyFilesBuildPhase section */

/* Begin PBXFileReference section */
		0E21AF841E1B9AAF00F1170B /* libWeiboSDK.a */ = {isa = PBXFileReference; lastKnownFileType = archive.ar; path = libWeiboSDK.a; sourceTree = "<group>"; };
		0E21AF851E1B9AAF00F1170B /* WBHttpRequest+WeiboGame.h */ = {isa = PBXFileReference; lastKnownFileType = sourcecode.c.h; path = "WBHttpRequest+WeiboGame.h"; sourceTree = "<group>"; };
		0E21AF861E1B9AAF00F1170B /* WBHttpRequest+WeiboShare.h */ = {isa = PBXFileReference; lastKnownFileType = sourcecode.c.h; path = "WBHttpRequest+WeiboShare.h"; sourceTree = "<group>"; };
		0E21AF871E1B9AAF00F1170B /* WBHttpRequest+WeiboToken.h */ = {isa = PBXFileReference; lastKnownFileType = sourcecode.c.h; path = "WBHttpRequest+WeiboToken.h"; sourceTree = "<group>"; };
		0E21AF881E1B9AAF00F1170B /* WBHttpRequest+WeiboUser.h */ = {isa = PBXFileReference; lastKnownFileType = sourcecode.c.h; path = "WBHttpRequest+WeiboUser.h"; sourceTree = "<group>"; };
		0E21AF891E1B9AAF00F1170B /* WBHttpRequest.h */ = {isa = PBXFileReference; lastKnownFileType = sourcecode.c.h; path = WBHttpRequest.h; sourceTree = "<group>"; };
		0E21AF8A1E1B9AAF00F1170B /* WBSDKBasicButton.h */ = {isa = PBXFileReference; lastKnownFileType = sourcecode.c.h; path = WBSDKBasicButton.h; sourceTree = "<group>"; };
		0E21AF8B1E1B9AAF00F1170B /* WBSDKCommentButton.h */ = {isa = PBXFileReference; lastKnownFileType = sourcecode.c.h; path = WBSDKCommentButton.h; sourceTree = "<group>"; };
		0E21AF8C1E1B9AAF00F1170B /* WBSDKRelationshipButton.h */ = {isa = PBXFileReference; lastKnownFileType = sourcecode.c.h; path = WBSDKRelationshipButton.h; sourceTree = "<group>"; };
		0E21AF8D1E1B9AAF00F1170B /* WeiboSDK+Statistics.h */ = {isa = PBXFileReference; lastKnownFileType = sourcecode.c.h; path = "WeiboSDK+Statistics.h"; sourceTree = "<group>"; };
		0E21AF8E1E1B9AAF00F1170B /* WeiboSDK.bundle */ = {isa = PBXFileReference; lastKnownFileType = "wrapper.plug-in"; path = WeiboSDK.bundle; sourceTree = "<group>"; };
		0E21AF8F1E1B9AAF00F1170B /* WeiboSDK.h */ = {isa = PBXFileReference; lastKnownFileType = sourcecode.c.h; path = WeiboSDK.h; sourceTree = "<group>"; };
		0E21AF901E1B9AAF00F1170B /* WeiboUser.h */ = {isa = PBXFileReference; lastKnownFileType = sourcecode.c.h; path = WeiboUser.h; sourceTree = "<group>"; };
		0E21AF921E1B9AAF00F1170B /* TencentOpenAPI.framework */ = {isa = PBXFileReference; lastKnownFileType = wrapper.framework; path = TencentOpenAPI.framework; sourceTree = "<group>"; };
		0E21AF931E1B9AAF00F1170B /* TencentOpenApi_IOS_Bundle.bundle */ = {isa = PBXFileReference; lastKnownFileType = "wrapper.plug-in"; path = TencentOpenApi_IOS_Bundle.bundle; sourceTree = "<group>"; };
		0E21AF951E1B9AAF00F1170B /* libWeChatSDK.a */ = {isa = PBXFileReference; lastKnownFileType = archive.ar; path = libWeChatSDK.a; sourceTree = "<group>"; };
		0E21AF961E1B9AAF00F1170B /* README.txt */ = {isa = PBXFileReference; lastKnownFileType = text; path = README.txt; sourceTree = "<group>"; };
		0E21AF971E1B9AAF00F1170B /* WechatAuthSDK.h */ = {isa = PBXFileReference; lastKnownFileType = sourcecode.c.h; path = WechatAuthSDK.h; sourceTree = "<group>"; };
		0E21AF981E1B9AAF00F1170B /* WXApi.h */ = {isa = PBXFileReference; lastKnownFileType = sourcecode.c.h; path = WXApi.h; sourceTree = "<group>"; };
		0E21AF991E1B9AAF00F1170B /* WXApiObject.h */ = {isa = PBXFileReference; lastKnownFileType = sourcecode.c.h; path = WXApiObject.h; sourceTree = "<group>"; };
		0E21AF9A1E1B9ABC00F1170B /* README.md */ = {isa = PBXFileReference; lastKnownFileType = net.daringfireball.markdown; path = README.md; sourceTree = "<group>"; };
		0E47AFA71E1B466C00F6E840 /* SocialSDK_R.podspec */ = {isa = PBXFileReference; explicitFileType = text.script.ruby; path = SocialSDK_R.podspec; sourceTree = "<group>"; };
		0E47AFA81E1B466C00F6E840 /* SocialSDK_UF.podspec */ = {isa = PBXFileReference; explicitFileType = text.script.ruby; path = SocialSDK_UF.podspec; sourceTree = "<group>"; };
		0E4B31EE1E0294A000F231F0 /* SocialSDKDemo.app */ = {isa = PBXFileReference; explicitFileType = wrapper.application; includeInIndex = 0; path = SocialSDKDemo.app; sourceTree = BUILT_PRODUCTS_DIR; };
		0E4B31F11E0294A000F231F0 /* AppDelegate.swift */ = {isa = PBXFileReference; lastKnownFileType = sourcecode.swift; path = AppDelegate.swift; sourceTree = "<group>"; };
		0E4B31F61E0294A000F231F0 /* Base */ = {isa = PBXFileReference; lastKnownFileType = file.storyboard; name = Base; path = Base.lproj/Main.storyboard; sourceTree = "<group>"; };
		0E4B31F81E0294A000F231F0 /* Assets.xcassets */ = {isa = PBXFileReference; lastKnownFileType = folder.assetcatalog; path = Assets.xcassets; sourceTree = "<group>"; };
		0E4B31FB1E0294A000F231F0 /* Base */ = {isa = PBXFileReference; lastKnownFileType = file.storyboard; name = Base; path = Base.lproj/LaunchScreen.storyboard; sourceTree = "<group>"; };
		0E4B31FD1E0294A000F231F0 /* Info.plist */ = {isa = PBXFileReference; lastKnownFileType = text.plist.xml; path = Info.plist; sourceTree = "<group>"; };
		0E4B32081E02962C00F231F0 /* SocialSDK.framework */ = {isa = PBXFileReference; explicitFileType = wrapper.framework; includeInIndex = 0; path = SocialSDK.framework; sourceTree = BUILT_PRODUCTS_DIR; };
		0E4B320A1E02962C00F231F0 /* SocialSDK.h */ = {isa = PBXFileReference; lastKnownFileType = sourcecode.c.h; path = SocialSDK.h; sourceTree = "<group>"; };
		0E4B320B1E02962C00F231F0 /* Info.plist */ = {isa = PBXFileReference; lastKnownFileType = text.plist.xml; path = Info.plist; sourceTree = "<group>"; };
		0E5B21851ECEDFAF00CFE867 /* GSSelectViewProtocol.h */ = {isa = PBXFileReference; fileEncoding = 4; lastKnownFileType = sourcecode.c.h; path = GSSelectViewProtocol.h; sourceTree = "<group>"; };
		0E5B21871ECEE30000CFE867 /* GSActionSheetSelectView.h */ = {isa = PBXFileReference; fileEncoding = 4; lastKnownFileType = sourcecode.c.h; path = GSActionSheetSelectView.h; sourceTree = "<group>"; };
		0E5B21881ECEE30000CFE867 /* GSActionSheetSelectView.m */ = {isa = PBXFileReference; fileEncoding = 4; lastKnownFileType = sourcecode.c.objc; path = GSActionSheetSelectView.m; sourceTree = "<group>"; };
		0E5B21891ECEE30000CFE867 /* GSSimpleSelectView.h */ = {isa = PBXFileReference; fileEncoding = 4; lastKnownFileType = sourcecode.c.h; path = GSSimpleSelectView.h; sourceTree = "<group>"; };
		0E5B218A1ECEE30000CFE867 /* GSSimpleSelectView.m */ = {isa = PBXFileReference; fileEncoding = 4; lastKnownFileType = sourcecode.c.objc; path = GSSimpleSelectView.m; sourceTree = "<group>"; };
		0E5B218B1ECEE30000CFE867 /* GSTextSelectView.h */ = {isa = PBXFileReference; fileEncoding = 4; lastKnownFileType = sourcecode.c.h; path = GSTextSelectView.h; sourceTree = "<group>"; };
		0E5B218C1ECEE30000CFE867 /* GSTextSelectView.m */ = {isa = PBXFileReference; fileEncoding = 4; lastKnownFileType = sourcecode.c.objc; path = GSTextSelectView.m; sourceTree = "<group>"; };
		0E7A40891E078C9C0083899C /* GSCollectionViewHorizontalLayout.h */ = {isa = PBXFileReference; fileEncoding = 4; lastKnownFileType = sourcecode.c.h; path = GSCollectionViewHorizontalLayout.h; sourceTree = "<group>"; };
		0E7A408A1E078C9C0083899C /* GSCollectionViewHorizontalLayout.m */ = {isa = PBXFileReference; fileEncoding = 4; lastKnownFileType = sourcecode.c.objc; path = GSCollectionViewHorizontalLayout.m; sourceTree = "<group>"; };
		0E7A408F1E07AF4D0083899C /* GSCollectionViewCell.h */ = {isa = PBXFileReference; fileEncoding = 4; lastKnownFileType = sourcecode.c.h; path = GSCollectionViewCell.h; sourceTree = "<group>"; };
		0E7A40901E07AF4D0083899C /* GSCollectionViewCell.m */ = {isa = PBXFileReference; fileEncoding = 4; lastKnownFileType = sourcecode.c.objc; path = GSCollectionViewCell.m; sourceTree = "<group>"; };
		0E90C00B1E03C6C8000D646E /* SocialSDKDemo-Bridging-Header.h */ = {isa = PBXFileReference; lastKnownFileType = sourcecode.c.h; path = "SocialSDKDemo-Bridging-Header.h"; sourceTree = "<group>"; };
		0E90C00C1E03C6C9000D646E /* GSViewController.h */ = {isa = PBXFileReference; fileEncoding = 4; lastKnownFileType = sourcecode.c.h; path = GSViewController.h; sourceTree = "<group>"; };
		0E90C00D1E03C6C9000D646E /* GSViewController.m */ = {isa = PBXFileReference; fileEncoding = 4; lastKnownFileType = sourcecode.c.objc; path = GSViewController.m; sourceTree = "<group>"; };
		0E90C0171E03D05C000D646E /* CUThirdPartyConstant.h */ = {isa = PBXFileReference; fileEncoding = 4; lastKnownFileType = sourcecode.c.h; path = CUThirdPartyConstant.h; sourceTree = "<group>"; };
		0E97D1031E14AB9E0077B44E /* GSLogoReources.h */ = {isa = PBXFileReference; fileEncoding = 4; lastKnownFileType = sourcecode.c.h; path = GSLogoReources.h; sourceTree = "<group>"; };
		0E97D1041E14AB9E0077B44E /* GSLogoReources.m */ = {isa = PBXFileReference; fileEncoding = 4; lastKnownFileType = sourcecode.c.objc; path = GSLogoReources.m; sourceTree = "<group>"; };
		0E97D1051E14AB9E0077B44E /* GSLogoReourcesType.h */ = {isa = PBXFileReference; fileEncoding = 4; lastKnownFileType = sourcecode.c.h; path = GSLogoReourcesType.h; sourceTree = "<group>"; };
		0E97D1061E14AB9E0077B44E /* GSReourcesManager.h */ = {isa = PBXFileReference; fileEncoding = 4; lastKnownFileType = sourcecode.c.h; path = GSReourcesManager.h; sourceTree = "<group>"; };
		0E97D1071E14AB9E0077B44E /* GSReourcesManager.m */ = {isa = PBXFileReference; fileEncoding = 4; lastKnownFileType = sourcecode.c.objc; path = GSReourcesManager.m; sourceTree = "<group>"; };
		0E97D10E1E14ABC40077B44E /* GSLogger.h */ = {isa = PBXFileReference; fileEncoding = 4; lastKnownFileType = sourcecode.c.h; path = GSLogger.h; sourceTree = "<group>"; };
		0E97D10F1E14ABC40077B44E /* GSLoggerConfig.h */ = {isa = PBXFileReference; fileEncoding = 4; lastKnownFileType = sourcecode.c.h; path = GSLoggerConfig.h; sourceTree = "<group>"; };
		0E97D1101E14ABC40077B44E /* GSLoggerConfig.m */ = {isa = PBXFileReference; fileEncoding = 4; lastKnownFileType = sourcecode.c.objc; path = GSLoggerConfig.m; sourceTree = "<group>"; };
		0E97D1161E14AC050077B44E /* GSBasePlatformParamConfig.h */ = {isa = PBXFileReference; fileEncoding = 4; lastKnownFileType = sourcecode.c.h; path = GSBasePlatformParamConfig.h; sourceTree = "<group>"; };
		0E97D1171E14AC050077B44E /* GSBasePlatformParamConfig.m */ = {isa = PBXFileReference; fileEncoding = 4; lastKnownFileType = sourcecode.c.objc; path = GSBasePlatformParamConfig.m; sourceTree = "<group>"; };
		0E97D1181E14AC050077B44E /* GSPlatformParamConfigManager.h */ = {isa = PBXFileReference; fileEncoding = 4; lastKnownFileType = sourcecode.c.h; path = GSPlatformParamConfigManager.h; sourceTree = "<group>"; };
		0E97D1191E14AC050077B44E /* GSPlatformParamConfigManager.m */ = {isa = PBXFileReference; fileEncoding = 4; lastKnownFileType = sourcecode.c.objc; path = GSPlatformParamConfigManager.m; sourceTree = "<group>"; };
		0E97D11A1E14AC050077B44E /* GSPlatformParamConfigProtocol.h */ = {isa = PBXFileReference; fileEncoding = 4; lastKnownFileType = sourcecode.c.h; path = GSPlatformParamConfigProtocol.h; sourceTree = "<group>"; };
		0E97D11B1E14AC050077B44E /* GSPlatformType.h */ = {isa = PBXFileReference; fileEncoding = 4; lastKnownFileType = sourcecode.c.h; path = GSPlatformType.h; sourceTree = "<group>"; };
		0E97D11D1E14AC050077B44E /* GSQQPlatformParamConfig.h */ = {isa = PBXFileReference; fileEncoding = 4; lastKnownFileType = sourcecode.c.h; path = GSQQPlatformParamConfig.h; sourceTree = "<group>"; };
		0E97D11E1E14AC050077B44E /* GSQQPlatformParamConfig.m */ = {isa = PBXFileReference; fileEncoding = 4; lastKnownFileType = sourcecode.c.objc; path = GSQQPlatformParamConfig.m; sourceTree = "<group>"; };
		0E97D1201E14AC050077B44E /* GSSinaPlatformParamConfig.h */ = {isa = PBXFileReference; fileEncoding = 4; lastKnownFileType = sourcecode.c.h; path = GSSinaPlatformParamConfig.h; sourceTree = "<group>"; };
		0E97D1211E14AC050077B44E /* GSSinaPlatformParamConfig.m */ = {isa = PBXFileReference; fileEncoding = 4; lastKnownFileType = sourcecode.c.objc; path = GSSinaPlatformParamConfig.m; sourceTree = "<group>"; };
		0E97D1231E14AC050077B44E /* GSWeChatPlatformParamConfig.h */ = {isa = PBXFileReference; fileEncoding = 4; lastKnownFileType = sourcecode.c.h; path = GSWeChatPlatformParamConfig.h; sourceTree = "<group>"; };
		0E97D1241E14AC050077B44E /* GSWeChatPlatformParamConfig.m */ = {isa = PBXFileReference; fileEncoding = 4; lastKnownFileType = sourcecode.c.objc; path = GSWeChatPlatformParamConfig.m; sourceTree = "<group>"; };
		0E97D1331E14ACD20077B44E /* GSBaseShare.h */ = {isa = PBXFileReference; fileEncoding = 4; lastKnownFileType = sourcecode.c.h; path = GSBaseShare.h; sourceTree = "<group>"; };
		0E97D1341E14ACD20077B44E /* GSBaseShare.m */ = {isa = PBXFileReference; fileEncoding = 4; lastKnownFileType = sourcecode.c.objc; path = GSBaseShare.m; sourceTree = "<group>"; };
		0E97D1351E14ACD20077B44E /* GSShareChannelType.h */ = {isa = PBXFileReference; fileEncoding = 4; lastKnownFileType = sourcecode.c.h; path = GSShareChannelType.h; sourceTree = "<group>"; };
		0E97D1361E14ACD20077B44E /* GSShareManager.h */ = {isa = PBXFileReference; fileEncoding = 4; lastKnownFileType = sourcecode.c.h; path = GSShareManager.h; sourceTree = "<group>"; };
		0E97D1371E14ACD20077B44E /* GSShareManager.m */ = {isa = PBXFileReference; fileEncoding = 4; lastKnownFileType = sourcecode.c.objc; path = GSShareManager.m; sourceTree = "<group>"; };
		0E97D1381E14ACD20077B44E /* GSShareProtocol.h */ = {isa = PBXFileReference; fileEncoding = 4; lastKnownFileType = sourcecode.c.h; path = GSShareProtocol.h; sourceTree = "<group>"; };
		0E97D1391E14ACD20077B44E /* GSShareResult.h */ = {isa = PBXFileReference; fileEncoding = 4; lastKnownFileType = sourcecode.c.h; path = GSShareResult.h; sourceTree = "<group>"; };
		0E97D13A1E14ACD20077B44E /* GSShareResult.m */ = {isa = PBXFileReference; fileEncoding = 4; lastKnownFileType = sourcecode.c.objc; path = GSShareResult.m; sourceTree = "<group>"; };
		0E97D13B1E14ACD20077B44E /* GSShareResultProtocol.h */ = {isa = PBXFileReference; fileEncoding = 4; lastKnownFileType = sourcecode.c.h; path = GSShareResultProtocol.h; sourceTree = "<group>"; };
		0E97D13D1E14ACD20077B44E /* GSQQShare.h */ = {isa = PBXFileReference; fileEncoding = 4; lastKnownFileType = sourcecode.c.h; path = GSQQShare.h; sourceTree = "<group>"; };
		0E97D13E1E14ACD20077B44E /* GSQQShare.m */ = {isa = PBXFileReference; fileEncoding = 4; lastKnownFileType = sourcecode.c.objc; path = GSQQShare.m; sourceTree = "<group>"; };
		0E97D1401E14ACD20077B44E /* GSQzoneShare.h */ = {isa = PBXFileReference; fileEncoding = 4; lastKnownFileType = sourcecode.c.h; path = GSQzoneShare.h; sourceTree = "<group>"; };
		0E97D1411E14ACD20077B44E /* GSQzoneShare.m */ = {isa = PBXFileReference; fileEncoding = 4; lastKnownFileType = sourcecode.c.objc; path = GSQzoneShare.m; sourceTree = "<group>"; };
		0E97D1431E14ACD20077B44E /* GSSinaShare.h */ = {isa = PBXFileReference; fileEncoding = 4; lastKnownFileType = sourcecode.c.h; path = GSSinaShare.h; sourceTree = "<group>"; };
		0E97D1441E14ACD20077B44E /* GSSinaShare.m */ = {isa = PBXFileReference; fileEncoding = 4; lastKnownFileType = sourcecode.c.objc; path = GSSinaShare.m; sourceTree = "<group>"; };
		0E97D1461E14ACD20077B44E /* GSWeChatSessionShare.h */ = {isa = PBXFileReference; fileEncoding = 4; lastKnownFileType = sourcecode.c.h; path = GSWeChatSessionShare.h; sourceTree = "<group>"; };
		0E97D1471E14ACD20077B44E /* GSWeChatSessionShare.m */ = {isa = PBXFileReference; fileEncoding = 4; lastKnownFileType = sourcecode.c.objc; path = GSWeChatSessionShare.m; sourceTree = "<group>"; };
		0E97D1491E14ACD20077B44E /* GSWeChatTimeLineShare.h */ = {isa = PBXFileReference; fileEncoding = 4; lastKnownFileType = sourcecode.c.h; path = GSWeChatTimeLineShare.h; sourceTree = "<group>"; };
		0E97D14A1E14ACD20077B44E /* GSWeChatTimeLineShare.m */ = {isa = PBXFileReference; fileEncoding = 4; lastKnownFileType = sourcecode.c.objc; path = GSWeChatTimeLineShare.m; sourceTree = "<group>"; };
		0E97D1601E14AD120077B44E /* GSBaseLogin.h */ = {isa = PBXFileReference; fileEncoding = 4; lastKnownFileType = sourcecode.c.h; path = GSBaseLogin.h; sourceTree = "<group>"; };
		0E97D1611E14AD120077B44E /* GSBaseLogin.m */ = {isa = PBXFileReference; fileEncoding = 4; lastKnownFileType = sourcecode.c.objc; path = GSBaseLogin.m; sourceTree = "<group>"; };
		0E97D1621E14AD120077B44E /* GSLoginChannelType.h */ = {isa = PBXFileReference; fileEncoding = 4; lastKnownFileType = sourcecode.c.h; path = GSLoginChannelType.h; sourceTree = "<group>"; };
		0E97D1631E14AD120077B44E /* GSLoginManager.h */ = {isa = PBXFileReference; fileEncoding = 4; lastKnownFileType = sourcecode.c.h; path = GSLoginManager.h; sourceTree = "<group>"; };
		0E97D1641E14AD120077B44E /* GSLoginManager.m */ = {isa = PBXFileReference; fileEncoding = 4; lastKnownFileType = sourcecode.c.objc; path = GSLoginManager.m; sourceTree = "<group>"; };
		0E97D1651E14AD120077B44E /* GSLoginProtocol.h */ = {isa = PBXFileReference; fileEncoding = 4; lastKnownFileType = sourcecode.c.h; path = GSLoginProtocol.h; sourceTree = "<group>"; };
		0E97D1661E14AD120077B44E /* GSLoginResult.h */ = {isa = PBXFileReference; fileEncoding = 4; lastKnownFileType = sourcecode.c.h; path = GSLoginResult.h; sourceTree = "<group>"; };
		0E97D1671E14AD120077B44E /* GSLoginResult.m */ = {isa = PBXFileReference; fileEncoding = 4; lastKnownFileType = sourcecode.c.objc; path = GSLoginResult.m; sourceTree = "<group>"; };
		0E97D1681E14AD120077B44E /* GSLoginResultProtocol.h */ = {isa = PBXFileReference; fileEncoding = 4; lastKnownFileType = sourcecode.c.h; path = GSLoginResultProtocol.h; sourceTree = "<group>"; };
		0E97D16A1E14AD120077B44E /* GSQQLogin.h */ = {isa = PBXFileReference; fileEncoding = 4; lastKnownFileType = sourcecode.c.h; path = GSQQLogin.h; sourceTree = "<group>"; };
		0E97D16B1E14AD120077B44E /* GSQQLogin.m */ = {isa = PBXFileReference; fileEncoding = 4; lastKnownFileType = sourcecode.c.objc; path = GSQQLogin.m; sourceTree = "<group>"; };
		0E97D16D1E14AD120077B44E /* GSSinaLogin.h */ = {isa = PBXFileReference; fileEncoding = 4; lastKnownFileType = sourcecode.c.h; path = GSSinaLogin.h; sourceTree = "<group>"; };
		0E97D16E1E14AD120077B44E /* GSSinaLogin.m */ = {isa = PBXFileReference; fileEncoding = 4; lastKnownFileType = sourcecode.c.objc; path = GSSinaLogin.m; sourceTree = "<group>"; };
		0E97D1701E14AD120077B44E /* GSWeChatLogin.h */ = {isa = PBXFileReference; fileEncoding = 4; lastKnownFileType = sourcecode.c.h; path = GSWeChatLogin.h; sourceTree = "<group>"; };
		0E97D1711E14AD120077B44E /* GSWeChatLogin.m */ = {isa = PBXFileReference; fileEncoding = 4; lastKnownFileType = sourcecode.c.objc; path = GSWeChatLogin.m; sourceTree = "<group>"; };
		0E97D1AB1E14F3310077B44E /* GSSocialSDKResources.bundle */ = {isa = PBXFileReference; lastKnownFileType = "wrapper.plug-in"; path = GSSocialSDKResources.bundle; sourceTree = "<group>"; };
		0EAB85941E0A8265004C6004 /* default.png */ = {isa = PBXFileReference; lastKnownFileType = image.png; path = default.png; sourceTree = "<group>"; };
		0EB543FD1E164A540078D5FD /* GSHandleProtocol.h */ = {isa = PBXFileReference; fileEncoding = 4; lastKnownFileType = sourcecode.c.h; path = GSHandleProtocol.h; sourceTree = "<group>"; };
		0EB543FF1E164ABA0078D5FD /* GSSocialManager.h */ = {isa = PBXFileReference; fileEncoding = 4; lastKnownFileType = sourcecode.c.h; path = GSSocialManager.h; sourceTree = "<group>"; };
		0EB544001E164ABA0078D5FD /* GSSocialManager.m */ = {isa = PBXFileReference; fileEncoding = 4; lastKnownFileType = sourcecode.c.objc; path = GSSocialManager.m; sourceTree = "<group>"; };
		0EDF13A71E039D3900C554FC /* SocialSDK.podspec */ = {isa = PBXFileReference; explicitFileType = text.script.ruby; path = SocialSDK.podspec; sourceTree = "<group>"; };
		0EDF13BE1E03BAB700C554FC /* GSPayManager.h */ = {isa = PBXFileReference; fileEncoding = 4; lastKnownFileType = sourcecode.c.h; path = GSPayManager.h; sourceTree = "<group>"; };
		0EDF13BF1E03BAB700C554FC /* GSPayManager.m */ = {isa = PBXFileReference; fileEncoding = 4; lastKnownFileType = sourcecode.c.objc; path = GSPayManager.m; sourceTree = "<group>"; };
		257AA106F638C7438C63C51D /* Pods-SocialSDK.release.xcconfig */ = {isa = PBXFileReference; includeInIndex = 1; lastKnownFileType = text.xcconfig; name = "Pods-SocialSDK.release.xcconfig"; path = "Pods/Target Support Files/Pods-SocialSDK/Pods-SocialSDK.release.xcconfig"; sourceTree = "<group>"; };
		828793C50AC8B1B8F0E93277 /* Pods_SocialSDK.framework */ = {isa = PBXFileReference; explicitFileType = wrapper.framework; includeInIndex = 0; path = Pods_SocialSDK.framework; sourceTree = BUILT_PRODUCTS_DIR; };
		829D9DA51FC276C3BD9B6F0B /* Pods-SocialSDKDemo.release.xcconfig */ = {isa = PBXFileReference; includeInIndex = 1; lastKnownFileType = text.xcconfig; name = "Pods-SocialSDKDemo.release.xcconfig"; path = "Pods/Target Support Files/Pods-SocialSDKDemo/Pods-SocialSDKDemo.release.xcconfig"; sourceTree = "<group>"; };
		9559809474D9F814326C3975 /* Pods-SocialSDK.debug.xcconfig */ = {isa = PBXFileReference; includeInIndex = 1; lastKnownFileType = text.xcconfig; name = "Pods-SocialSDK.debug.xcconfig"; path = "Pods/Target Support Files/Pods-SocialSDK/Pods-SocialSDK.debug.xcconfig"; sourceTree = "<group>"; };
		9601BEE627C7FE4B39525D71 /* Pods-SocialSDKDemo.debug.xcconfig */ = {isa = PBXFileReference; includeInIndex = 1; lastKnownFileType = text.xcconfig; name = "Pods-SocialSDKDemo.debug.xcconfig"; path = "Pods/Target Support Files/Pods-SocialSDKDemo/Pods-SocialSDKDemo.debug.xcconfig"; sourceTree = "<group>"; };
		EAA65CA283A949C0585437B0 /* Pods_SocialSDKDemo.framework */ = {isa = PBXFileReference; explicitFileType = wrapper.framework; includeInIndex = 0; path = Pods_SocialSDKDemo.framework; sourceTree = BUILT_PRODUCTS_DIR; };
		F538DA1A1E090FE2008C0660 /* UIKit.framework */ = {isa = PBXFileReference; lastKnownFileType = wrapper.framework; name = UIKit.framework; path = System/Library/Frameworks/UIKit.framework; sourceTree = SDKROOT; };
/* End PBXFileReference section */

/* Begin PBXFrameworksBuildPhase section */
		0E4B31EB1E0294A000F231F0 /* Frameworks */ = {
			isa = PBXFrameworksBuildPhase;
			buildActionMask = 2147483647;
			files = (
				0E4B320F1E02962C00F231F0 /* SocialSDK.framework in Frameworks */,
				3B19FE4FCCAA38FC76F03105 /* Pods_SocialSDKDemo.framework in Frameworks */,
			);
			runOnlyForDeploymentPostprocessing = 0;
		};
		0E4B32041E02962C00F231F0 /* Frameworks */ = {
			isa = PBXFrameworksBuildPhase;
			buildActionMask = 2147483647;
			files = (
				6EE178E64608D9FE80D853D6 /* Pods_SocialSDK.framework in Frameworks */,
			);
			runOnlyForDeploymentPostprocessing = 0;
		};
/* End PBXFrameworksBuildPhase section */

/* Begin PBXGroup section */
		0E21AF821E1B9AAF00F1170B /* SDK */ = {
			isa = PBXGroup;
			children = (
				0E21AF831E1B9AAF00F1170B /* libWeiboSDK */,
				0E21AF911E1B9AAF00F1170B /* TencentOpenApi */,
				0E21AF941E1B9AAF00F1170B /* WeChatSDK */,
			);
			path = SDK;
			sourceTree = "<group>";
		};
		0E21AF831E1B9AAF00F1170B /* libWeiboSDK */ = {
			isa = PBXGroup;
			children = (
				0E21AF841E1B9AAF00F1170B /* libWeiboSDK.a */,
				0E21AF851E1B9AAF00F1170B /* WBHttpRequest+WeiboGame.h */,
				0E21AF861E1B9AAF00F1170B /* WBHttpRequest+WeiboShare.h */,
				0E21AF871E1B9AAF00F1170B /* WBHttpRequest+WeiboToken.h */,
				0E21AF881E1B9AAF00F1170B /* WBHttpRequest+WeiboUser.h */,
				0E21AF891E1B9AAF00F1170B /* WBHttpRequest.h */,
				0E21AF8A1E1B9AAF00F1170B /* WBSDKBasicButton.h */,
				0E21AF8B1E1B9AAF00F1170B /* WBSDKCommentButton.h */,
				0E21AF8C1E1B9AAF00F1170B /* WBSDKRelationshipButton.h */,
				0E21AF8D1E1B9AAF00F1170B /* WeiboSDK+Statistics.h */,
				0E21AF8E1E1B9AAF00F1170B /* WeiboSDK.bundle */,
				0E21AF8F1E1B9AAF00F1170B /* WeiboSDK.h */,
				0E21AF901E1B9AAF00F1170B /* WeiboUser.h */,
			);
			path = libWeiboSDK;
			sourceTree = "<group>";
		};
		0E21AF911E1B9AAF00F1170B /* TencentOpenApi */ = {
			isa = PBXGroup;
			children = (
				0E21AF921E1B9AAF00F1170B /* TencentOpenAPI.framework */,
				0E21AF931E1B9AAF00F1170B /* TencentOpenApi_IOS_Bundle.bundle */,
			);
			path = TencentOpenApi;
			sourceTree = "<group>";
		};
		0E21AF941E1B9AAF00F1170B /* WeChatSDK */ = {
			isa = PBXGroup;
			children = (
				0E21AF951E1B9AAF00F1170B /* libWeChatSDK.a */,
				0E21AF961E1B9AAF00F1170B /* README.txt */,
				0E21AF971E1B9AAF00F1170B /* WechatAuthSDK.h */,
				0E21AF981E1B9AAF00F1170B /* WXApi.h */,
				0E21AF991E1B9AAF00F1170B /* WXApiObject.h */,
			);
			path = WeChatSDK;
			sourceTree = "<group>";
		};
		0E3171241E02B7C800A75EA4 /* Pay */ = {
			isa = PBXGroup;
			children = (
				0EDF13BE1E03BAB700C554FC /* GSPayManager.h */,
				0EDF13BF1E03BAB700C554FC /* GSPayManager.m */,
			);
			path = Pay;
			sourceTree = "<group>";
		};
		0E31712C1E0387C500A75EA4 /* Core */ = {
			isa = PBXGroup;
			children = (
				0EB543FC1E164A0F0078D5FD /* SocialManager */,
				0E97D1141E14AC050077B44E /* PlatformParamConfig */,
				0E97D10D1E14ABC40077B44E /* Logger */,
				0E97D1011E14AB9E0077B44E /* Util */,
			);
			path = Core;
			sourceTree = "<group>";
		};
		0E31712F1E0387C500A75EA4 /* UI */ = {
			isa = PBXGroup;
			children = (
				0E71448E1E05370B00BC105E /* SelectView */,
				0E7A408E1E07AF160083899C /* CollectionView */,
			);
			path = UI;
			sourceTree = "<group>";
		};
		0E4B31E51E0294A000F231F0 = {
			isa = PBXGroup;
			children = (
				0E47AFA71E1B466C00F6E840 /* SocialSDK_R.podspec */,
				0E47AFA81E1B466C00F6E840 /* SocialSDK_UF.podspec */,
				0EDF13A71E039D3900C554FC /* SocialSDK.podspec */,
				0E21AF9A1E1B9ABC00F1170B /* README.md */,
				0E21AF821E1B9AAF00F1170B /* SDK */,
				0E4B31F01E0294A000F231F0 /* SocialSDKDemo */,
				0E4B32091E02962C00F231F0 /* SocialSDK */,
				0E4B31EF1E0294A000F231F0 /* Products */,
				CAE9A321ADA2282D12CD0928 /* Pods */,
				E53E332F43DA01F024BE9E5F /* Frameworks */,
			);
			sourceTree = "<group>";
		};
		0E4B31EF1E0294A000F231F0 /* Products */ = {
			isa = PBXGroup;
			children = (
				0E4B31EE1E0294A000F231F0 /* SocialSDKDemo.app */,
				0E4B32081E02962C00F231F0 /* SocialSDK.framework */,
			);
			name = Products;
			sourceTree = "<group>";
		};
		0E4B31F01E0294A000F231F0 /* SocialSDKDemo */ = {
			isa = PBXGroup;
			children = (
				0EAB85931E0A8265004C6004 /* Rrources */,
				0E90C0171E03D05C000D646E /* CUThirdPartyConstant.h */,
				0E4B31F11E0294A000F231F0 /* AppDelegate.swift */,
				0E90C00C1E03C6C9000D646E /* GSViewController.h */,
				0E90C00D1E03C6C9000D646E /* GSViewController.m */,
				0E4B31F51E0294A000F231F0 /* Main.storyboard */,
				0E4B31F81E0294A000F231F0 /* Assets.xcassets */,
				0E4B31FA1E0294A000F231F0 /* LaunchScreen.storyboard */,
				0E4B31FD1E0294A000F231F0 /* Info.plist */,
				0E90C00B1E03C6C8000D646E /* SocialSDKDemo-Bridging-Header.h */,
			);
			path = SocialSDKDemo;
			sourceTree = "<group>";
		};
		0E4B32091E02962C00F231F0 /* SocialSDK */ = {
			isa = PBXGroup;
			children = (
				0E97D1AA1E14F3310077B44E /* Rrources */,
				0E4B32381E02973100F231F0 /* Classes */,
				0E4B320A1E02962C00F231F0 /* SocialSDK.h */,
				0E4B320B1E02962C00F231F0 /* Info.plist */,
			);
			path = SocialSDK;
			sourceTree = "<group>";
		};
		0E4B32381E02973100F231F0 /* Classes */ = {
			isa = PBXGroup;
			children = (
				0E31712C1E0387C500A75EA4 /* Core */,
				0E31712F1E0387C500A75EA4 /* UI */,
				0E97D1311E14ACD20077B44E /* Share */,
				0E97D15E1E14AD120077B44E /* Login */,
				0E3171241E02B7C800A75EA4 /* Pay */,
			);
			path = Classes;
			sourceTree = "<group>";
		};
		0E71448E1E05370B00BC105E /* SelectView */ = {
			isa = PBXGroup;
			children = (
				0E5B21871ECEE30000CFE867 /* GSActionSheetSelectView.h */,
				0E5B21881ECEE30000CFE867 /* GSActionSheetSelectView.m */,
				0E5B21891ECEE30000CFE867 /* GSSimpleSelectView.h */,
				0E5B218A1ECEE30000CFE867 /* GSSimpleSelectView.m */,
				0E5B218B1ECEE30000CFE867 /* GSTextSelectView.h */,
				0E5B218C1ECEE30000CFE867 /* GSTextSelectView.m */,
				0E5B21851ECEDFAF00CFE867 /* GSSelectViewProtocol.h */,
			);
			name = SelectView;
			sourceTree = "<group>";
		};
		0E7A408E1E07AF160083899C /* CollectionView */ = {
			isa = PBXGroup;
			children = (
				0E7A40891E078C9C0083899C /* GSCollectionViewHorizontalLayout.h */,
				0E7A408A1E078C9C0083899C /* GSCollectionViewHorizontalLayout.m */,
				0E7A408F1E07AF4D0083899C /* GSCollectionViewCell.h */,
				0E7A40901E07AF4D0083899C /* GSCollectionViewCell.m */,
			);
			name = CollectionView;
			sourceTree = "<group>";
		};
		0E97D1011E14AB9E0077B44E /* Util */ = {
			isa = PBXGroup;
			children = (
				0E97D1021E14AB9E0077B44E /* ReourcesManager */,
			);
			path = Util;
			sourceTree = "<group>";
		};
		0E97D1021E14AB9E0077B44E /* ReourcesManager */ = {
			isa = PBXGroup;
			children = (
				0E97D1031E14AB9E0077B44E /* GSLogoReources.h */,
				0E97D1041E14AB9E0077B44E /* GSLogoReources.m */,
				0E97D1051E14AB9E0077B44E /* GSLogoReourcesType.h */,
				0E97D1061E14AB9E0077B44E /* GSReourcesManager.h */,
				0E97D1071E14AB9E0077B44E /* GSReourcesManager.m */,
			);
			path = ReourcesManager;
			sourceTree = "<group>";
		};
		0E97D10D1E14ABC40077B44E /* Logger */ = {
			isa = PBXGroup;
			children = (
				0E97D10E1E14ABC40077B44E /* GSLogger.h */,
				0E97D10F1E14ABC40077B44E /* GSLoggerConfig.h */,
				0E97D1101E14ABC40077B44E /* GSLoggerConfig.m */,
			);
			path = Logger;
			sourceTree = "<group>";
		};
		0E97D1141E14AC050077B44E /* PlatformParamConfig */ = {
			isa = PBXGroup;
			children = (
				0E97D1151E14AC050077B44E /* Base */,
				0E97D11C1E14AC050077B44E /* QQ */,
				0E97D11F1E14AC050077B44E /* Sina */,
				0E97D1221E14AC050077B44E /* WeChat */,
			);
			path = PlatformParamConfig;
			sourceTree = "<group>";
		};
		0E97D1151E14AC050077B44E /* Base */ = {
			isa = PBXGroup;
			children = (
				0E97D1161E14AC050077B44E /* GSBasePlatformParamConfig.h */,
				0E97D1171E14AC050077B44E /* GSBasePlatformParamConfig.m */,
				0E97D1181E14AC050077B44E /* GSPlatformParamConfigManager.h */,
				0E97D1191E14AC050077B44E /* GSPlatformParamConfigManager.m */,
				0E97D11A1E14AC050077B44E /* GSPlatformParamConfigProtocol.h */,
				0E97D11B1E14AC050077B44E /* GSPlatformType.h */,
			);
			path = Base;
			sourceTree = "<group>";
		};
		0E97D11C1E14AC050077B44E /* QQ */ = {
			isa = PBXGroup;
			children = (
				0E97D11D1E14AC050077B44E /* GSQQPlatformParamConfig.h */,
				0E97D11E1E14AC050077B44E /* GSQQPlatformParamConfig.m */,
			);
			path = QQ;
			sourceTree = "<group>";
		};
		0E97D11F1E14AC050077B44E /* Sina */ = {
			isa = PBXGroup;
			children = (
				0E97D1201E14AC050077B44E /* GSSinaPlatformParamConfig.h */,
				0E97D1211E14AC050077B44E /* GSSinaPlatformParamConfig.m */,
			);
			path = Sina;
			sourceTree = "<group>";
		};
		0E97D1221E14AC050077B44E /* WeChat */ = {
			isa = PBXGroup;
			children = (
				0E97D1231E14AC050077B44E /* GSWeChatPlatformParamConfig.h */,
				0E97D1241E14AC050077B44E /* GSWeChatPlatformParamConfig.m */,
			);
			path = WeChat;
			sourceTree = "<group>";
		};
		0E97D1311E14ACD20077B44E /* Share */ = {
			isa = PBXGroup;
			children = (
				0E97D1321E14ACD20077B44E /* Base */,
				0E97D13C1E14ACD20077B44E /* QQ */,
				0E97D13F1E14ACD20077B44E /* Qzone */,
				0E97D1421E14ACD20077B44E /* Sina */,
				0E97D1451E14ACD20077B44E /* WeChatSession */,
				0E97D1481E14ACD20077B44E /* WeChatTimeLine */,
			);
			path = Share;
			sourceTree = "<group>";
		};
		0E97D1321E14ACD20077B44E /* Base */ = {
			isa = PBXGroup;
			children = (
				0E97D1331E14ACD20077B44E /* GSBaseShare.h */,
				0E97D1341E14ACD20077B44E /* GSBaseShare.m */,
				0E97D1351E14ACD20077B44E /* GSShareChannelType.h */,
				0E97D1361E14ACD20077B44E /* GSShareManager.h */,
				0E97D1371E14ACD20077B44E /* GSShareManager.m */,
				0E97D1381E14ACD20077B44E /* GSShareProtocol.h */,
				0E97D1391E14ACD20077B44E /* GSShareResult.h */,
				0E97D13A1E14ACD20077B44E /* GSShareResult.m */,
				0E97D13B1E14ACD20077B44E /* GSShareResultProtocol.h */,
			);
			path = Base;
			sourceTree = "<group>";
		};
		0E97D13C1E14ACD20077B44E /* QQ */ = {
			isa = PBXGroup;
			children = (
				0E97D13D1E14ACD20077B44E /* GSQQShare.h */,
				0E97D13E1E14ACD20077B44E /* GSQQShare.m */,
			);
			path = QQ;
			sourceTree = "<group>";
		};
		0E97D13F1E14ACD20077B44E /* Qzone */ = {
			isa = PBXGroup;
			children = (
				0E97D1401E14ACD20077B44E /* GSQzoneShare.h */,
				0E97D1411E14ACD20077B44E /* GSQzoneShare.m */,
			);
			path = Qzone;
			sourceTree = "<group>";
		};
		0E97D1421E14ACD20077B44E /* Sina */ = {
			isa = PBXGroup;
			children = (
				0E97D1431E14ACD20077B44E /* GSSinaShare.h */,
				0E97D1441E14ACD20077B44E /* GSSinaShare.m */,
			);
			path = Sina;
			sourceTree = "<group>";
		};
		0E97D1451E14ACD20077B44E /* WeChatSession */ = {
			isa = PBXGroup;
			children = (
				0E97D1461E14ACD20077B44E /* GSWeChatSessionShare.h */,
				0E97D1471E14ACD20077B44E /* GSWeChatSessionShare.m */,
			);
			path = WeChatSession;
			sourceTree = "<group>";
		};
		0E97D1481E14ACD20077B44E /* WeChatTimeLine */ = {
			isa = PBXGroup;
			children = (
				0E97D1491E14ACD20077B44E /* GSWeChatTimeLineShare.h */,
				0E97D14A1E14ACD20077B44E /* GSWeChatTimeLineShare.m */,
			);
			path = WeChatTimeLine;
			sourceTree = "<group>";
		};
		0E97D15E1E14AD120077B44E /* Login */ = {
			isa = PBXGroup;
			children = (
				0E97D15F1E14AD120077B44E /* Base */,
				0E97D1691E14AD120077B44E /* QQ */,
				0E97D16C1E14AD120077B44E /* Sina */,
				0E97D16F1E14AD120077B44E /* WeChat */,
			);
			path = Login;
			sourceTree = "<group>";
		};
		0E97D15F1E14AD120077B44E /* Base */ = {
			isa = PBXGroup;
			children = (
				0E97D1601E14AD120077B44E /* GSBaseLogin.h */,
				0E97D1611E14AD120077B44E /* GSBaseLogin.m */,
				0E97D1621E14AD120077B44E /* GSLoginChannelType.h */,
				0E97D1631E14AD120077B44E /* GSLoginManager.h */,
				0E97D1641E14AD120077B44E /* GSLoginManager.m */,
				0E97D1651E14AD120077B44E /* GSLoginProtocol.h */,
				0E97D1661E14AD120077B44E /* GSLoginResult.h */,
				0E97D1671E14AD120077B44E /* GSLoginResult.m */,
				0E97D1681E14AD120077B44E /* GSLoginResultProtocol.h */,
			);
			path = Base;
			sourceTree = "<group>";
		};
		0E97D1691E14AD120077B44E /* QQ */ = {
			isa = PBXGroup;
			children = (
				0E97D16A1E14AD120077B44E /* GSQQLogin.h */,
				0E97D16B1E14AD120077B44E /* GSQQLogin.m */,
			);
			path = QQ;
			sourceTree = "<group>";
		};
		0E97D16C1E14AD120077B44E /* Sina */ = {
			isa = PBXGroup;
			children = (
				0E97D16D1E14AD120077B44E /* GSSinaLogin.h */,
				0E97D16E1E14AD120077B44E /* GSSinaLogin.m */,
			);
			path = Sina;
			sourceTree = "<group>";
		};
		0E97D16F1E14AD120077B44E /* WeChat */ = {
			isa = PBXGroup;
			children = (
				0E97D1701E14AD120077B44E /* GSWeChatLogin.h */,
				0E97D1711E14AD120077B44E /* GSWeChatLogin.m */,
			);
			path = WeChat;
			sourceTree = "<group>";
		};
		0E97D1AA1E14F3310077B44E /* Rrources */ = {
			isa = PBXGroup;
			children = (
				0E97D1AB1E14F3310077B44E /* GSSocialSDKResources.bundle */,
			);
			path = Rrources;
			sourceTree = "<group>";
		};
		0EAB85931E0A8265004C6004 /* Rrources */ = {
			isa = PBXGroup;
			children = (
				0EAB85941E0A8265004C6004 /* default.png */,
			);
			path = Rrources;
			sourceTree = "<group>";
		};
		0EB543FC1E164A0F0078D5FD /* SocialManager */ = {
			isa = PBXGroup;
			children = (
				0EB543FD1E164A540078D5FD /* GSHandleProtocol.h */,
				0EB543FF1E164ABA0078D5FD /* GSSocialManager.h */,
				0EB544001E164ABA0078D5FD /* GSSocialManager.m */,
			);
			path = SocialManager;
			sourceTree = "<group>";
		};
		CAE9A321ADA2282D12CD0928 /* Pods */ = {
			isa = PBXGroup;
			children = (
				9559809474D9F814326C3975 /* Pods-SocialSDK.debug.xcconfig */,
				257AA106F638C7438C63C51D /* Pods-SocialSDK.release.xcconfig */,
				9601BEE627C7FE4B39525D71 /* Pods-SocialSDKDemo.debug.xcconfig */,
				829D9DA51FC276C3BD9B6F0B /* Pods-SocialSDKDemo.release.xcconfig */,
			);
			name = Pods;
			sourceTree = "<group>";
		};
		E53E332F43DA01F024BE9E5F /* Frameworks */ = {
			isa = PBXGroup;
			children = (
				F538DA1A1E090FE2008C0660 /* UIKit.framework */,
				828793C50AC8B1B8F0E93277 /* Pods_SocialSDK.framework */,
				EAA65CA283A949C0585437B0 /* Pods_SocialSDKDemo.framework */,
			);
			name = Frameworks;
			sourceTree = "<group>";
		};
/* End PBXGroup section */

/* Begin PBXHeadersBuildPhase section */
		0E4B32051E02962C00F231F0 /* Headers */ = {
			isa = PBXHeadersBuildPhase;
			buildActionMask = 2147483647;
			files = (
				0E97D1751E14AD120077B44E /* GSLoginManager.h in Headers */,
				0E97D14E1E14ACD20077B44E /* GSShareManager.h in Headers */,
				0E97D17A1E14AD120077B44E /* GSLoginResultProtocol.h in Headers */,
				0EB544011E164ABA0078D5FD /* GSSocialManager.h in Headers */,
				0E97D1501E14ACD20077B44E /* GSShareProtocol.h in Headers */,
				0E97D1531E14ACD20077B44E /* GSShareResultProtocol.h in Headers */,
				0EB543FE1E164A540078D5FD /* GSHandleProtocol.h in Headers */,
				0E97D1771E14AD120077B44E /* GSLoginProtocol.h in Headers */,
				0E97D10A1E14AB9E0077B44E /* GSLogoReourcesType.h in Headers */,
				0E97D1741E14AD120077B44E /* GSLoginChannelType.h in Headers */,
				0E97D1121E14ABC40077B44E /* GSLoggerConfig.h in Headers */,
				0E97D12A1E14AC050077B44E /* GSPlatformType.h in Headers */,
				0E97D14D1E14ACD20077B44E /* GSShareChannelType.h in Headers */,
				0E97D1271E14AC050077B44E /* GSPlatformParamConfigManager.h in Headers */,
				0E5B218F1ECEE30000CFE867 /* GSSimpleSelectView.h in Headers */,
				0E5B218D1ECEE30000CFE867 /* GSActionSheetSelectView.h in Headers */,
				0E5B21911ECEE30000CFE867 /* GSTextSelectView.h in Headers */,
				0E5B21861ECEDFAF00CFE867 /* GSSelectViewProtocol.h in Headers */,
				0E7A408B1E078C9C0083899C /* GSCollectionViewHorizontalLayout.h in Headers */,
				0E97D10B1E14AB9E0077B44E /* GSReourcesManager.h in Headers */,
				0E97D17F1E14AD120077B44E /* GSWeChatLogin.h in Headers */,
				0E97D1291E14AC050077B44E /* GSPlatformParamConfigProtocol.h in Headers */,
				0E97D15C1E14ACD20077B44E /* GSWeChatTimeLineShare.h in Headers */,
				0E7A40911E07AF4D0083899C /* GSCollectionViewCell.h in Headers */,
				0E97D17B1E14AD120077B44E /* GSQQLogin.h in Headers */,
				0E97D1511E14ACD20077B44E /* GSShareResult.h in Headers */,
				0E97D1581E14ACD20077B44E /* GSSinaShare.h in Headers */,
				0E97D1251E14AC050077B44E /* GSBasePlatformParamConfig.h in Headers */,
				0E97D12F1E14AC050077B44E /* GSWeChatPlatformParamConfig.h in Headers */,
				0E97D1541E14ACD20077B44E /* GSQQShare.h in Headers */,
				0E97D1081E14AB9E0077B44E /* GSLogoReources.h in Headers */,
				0E97D17D1E14AD120077B44E /* GSSinaLogin.h in Headers */,
				0EDF13C01E03BAB700C554FC /* GSPayManager.h in Headers */,
				0E97D15A1E14ACD20077B44E /* GSWeChatSessionShare.h in Headers */,
				0E97D1561E14ACD20077B44E /* GSQzoneShare.h in Headers */,
				0E97D14B1E14ACD20077B44E /* GSBaseShare.h in Headers */,
				0E4B320C1E02962C00F231F0 /* SocialSDK.h in Headers */,
				0E97D1111E14ABC40077B44E /* GSLogger.h in Headers */,
				0E97D12D1E14AC050077B44E /* GSSinaPlatformParamConfig.h in Headers */,
				0E97D1721E14AD120077B44E /* GSBaseLogin.h in Headers */,
				0E97D12B1E14AC050077B44E /* GSQQPlatformParamConfig.h in Headers */,
				0E97D1781E14AD120077B44E /* GSLoginResult.h in Headers */,
			);
			runOnlyForDeploymentPostprocessing = 0;
		};
/* End PBXHeadersBuildPhase section */

/* Begin PBXNativeTarget section */
		0E4B31ED1E0294A000F231F0 /* SocialSDKDemo */ = {
			isa = PBXNativeTarget;
			buildConfigurationList = 0E4B32001E0294A000F231F0 /* Build configuration list for PBXNativeTarget "SocialSDKDemo" */;
			buildPhases = (
				DA6BE60F9B0D1C2674110822 /* [CP] Check Pods Manifest.lock */,
				0E4B31EA1E0294A000F231F0 /* Sources */,
				0E4B31EB1E0294A000F231F0 /* Frameworks */,
				0E4B31EC1E0294A000F231F0 /* Resources */,
				0E4B32141E02962C00F231F0 /* Embed Frameworks */,
				7A0F07883E33AEBB9A4AB224 /* [CP] Embed Pods Frameworks */,
				18BC2011F8244B9EFA80EE77 /* [CP] Copy Pods Resources */,
			);
			buildRules = (
			);
			dependencies = (
				0E4B320E1E02962C00F231F0 /* PBXTargetDependency */,
			);
			name = SocialSDKDemo;
			productName = SocialSDKDemo;
			productReference = 0E4B31EE1E0294A000F231F0 /* SocialSDKDemo.app */;
			productType = "com.apple.product-type.application";
		};
		0E4B32071E02962C00F231F0 /* SocialSDK */ = {
			isa = PBXNativeTarget;
			buildConfigurationList = 0E4B32131E02962C00F231F0 /* Build configuration list for PBXNativeTarget "SocialSDK" */;
			buildPhases = (
				BB93FD2D01FDF749F9952DE8 /* [CP] Check Pods Manifest.lock */,
				0E4B32031E02962C00F231F0 /* Sources */,
				0E4B32041E02962C00F231F0 /* Frameworks */,
				0E4B32051E02962C00F231F0 /* Headers */,
				0E4B32061E02962C00F231F0 /* Resources */,
				DD5AC484DC31C8ED9ECDC442 /* [CP] Copy Pods Resources */,
			);
			buildRules = (
			);
			dependencies = (
			);
			name = SocialSDK;
			productName = SocialSDK;
			productReference = 0E4B32081E02962C00F231F0 /* SocialSDK.framework */;
			productType = "com.apple.product-type.framework";
		};
/* End PBXNativeTarget section */

/* Begin PBXProject section */
		0E4B31E61E0294A000F231F0 /* Project object */ = {
			isa = PBXProject;
			attributes = {
				LastSwiftUpdateCheck = 0820;
				LastUpgradeCheck = 0820;
				ORGANIZATIONNAME = GagSquad;
				TargetAttributes = {
					0E4B31ED1E0294A000F231F0 = {
						CreatedOnToolsVersion = 8.2;
						DevelopmentTeam = 684DUL4925;
						LastSwiftMigration = 0820;
						ProvisioningStyle = Automatic;
					};
					0E4B32071E02962C00F231F0 = {
						CreatedOnToolsVersion = 8.2;
						LastSwiftMigration = 0820;
						ProvisioningStyle = Manual;
					};
				};
			};
			buildConfigurationList = 0E4B31E91E0294A000F231F0 /* Build configuration list for PBXProject "SocialSDKDemo" */;
			compatibilityVersion = "Xcode 3.2";
			developmentRegion = English;
			hasScannedForEncodings = 0;
			knownRegions = (
				en,
				Base,
			);
			mainGroup = 0E4B31E51E0294A000F231F0;
			productRefGroup = 0E4B31EF1E0294A000F231F0 /* Products */;
			projectDirPath = "";
			projectRoot = "";
			targets = (
				0E4B31ED1E0294A000F231F0 /* SocialSDKDemo */,
				0E4B32071E02962C00F231F0 /* SocialSDK */,
			);
		};
/* End PBXProject section */

/* Begin PBXResourcesBuildPhase section */
		0E4B31EC1E0294A000F231F0 /* Resources */ = {
			isa = PBXResourcesBuildPhase;
			buildActionMask = 2147483647;
			files = (
				0E4B31FC1E0294A000F231F0 /* LaunchScreen.storyboard in Resources */,
				0E97D1AC1E14F3310077B44E /* GSSocialSDKResources.bundle in Resources */,
				0E4B31F91E0294A000F231F0 /* Assets.xcassets in Resources */,
				0E4B31F71E0294A000F231F0 /* Main.storyboard in Resources */,
				0EAB85951E0A8265004C6004 /* default.png in Resources */,
			);
			runOnlyForDeploymentPostprocessing = 0;
		};
		0E4B32061E02962C00F231F0 /* Resources */ = {
			isa = PBXResourcesBuildPhase;
			buildActionMask = 2147483647;
			files = (
			);
			runOnlyForDeploymentPostprocessing = 0;
		};
/* End PBXResourcesBuildPhase section */

/* Begin PBXShellScriptBuildPhase section */
		18BC2011F8244B9EFA80EE77 /* [CP] Copy Pods Resources */ = {
			isa = PBXShellScriptBuildPhase;
			buildActionMask = 2147483647;
			files = (
			);
			inputPaths = (
			);
			name = "[CP] Copy Pods Resources";
			outputPaths = (
			);
			runOnlyForDeploymentPostprocessing = 0;
			shellPath = /bin/sh;
			shellScript = "\"${SRCROOT}/Pods/Target Support Files/Pods-SocialSDKDemo/Pods-SocialSDKDemo-resources.sh\"\n";
			showEnvVarsInLog = 0;
		};
		7A0F07883E33AEBB9A4AB224 /* [CP] Embed Pods Frameworks */ = {
			isa = PBXShellScriptBuildPhase;
			buildActionMask = 2147483647;
			files = (
			);
			inputPaths = (
			);
			name = "[CP] Embed Pods Frameworks";
			outputPaths = (
			);
			runOnlyForDeploymentPostprocessing = 0;
			shellPath = /bin/sh;
			shellScript = "\"${SRCROOT}/Pods/Target Support Files/Pods-SocialSDKDemo/Pods-SocialSDKDemo-frameworks.sh\"\n";
			showEnvVarsInLog = 0;
		};
		BB93FD2D01FDF749F9952DE8 /* [CP] Check Pods Manifest.lock */ = {
			isa = PBXShellScriptBuildPhase;
			buildActionMask = 2147483647;
			files = (
			);
			inputPaths = (
			);
			name = "[CP] Check Pods Manifest.lock";
			outputPaths = (
			);
			runOnlyForDeploymentPostprocessing = 0;
			shellPath = /bin/sh;
			shellScript = "diff \"${PODS_ROOT}/../Podfile.lock\" \"${PODS_ROOT}/Manifest.lock\" > /dev/null\nif [ $? != 0 ] ; then\n    # print error to STDERR\n    echo \"error: The sandbox is not in sync with the Podfile.lock. Run 'pod install' or update your CocoaPods installation.\" >&2\n    exit 1\nfi\n";
			showEnvVarsInLog = 0;
		};
		DA6BE60F9B0D1C2674110822 /* [CP] Check Pods Manifest.lock */ = {
			isa = PBXShellScriptBuildPhase;
			buildActionMask = 2147483647;
			files = (
			);
			inputPaths = (
			);
			name = "[CP] Check Pods Manifest.lock";
			outputPaths = (
			);
			runOnlyForDeploymentPostprocessing = 0;
			shellPath = /bin/sh;
			shellScript = "diff \"${PODS_ROOT}/../Podfile.lock\" \"${PODS_ROOT}/Manifest.lock\" > /dev/null\nif [ $? != 0 ] ; then\n    # print error to STDERR\n    echo \"error: The sandbox is not in sync with the Podfile.lock. Run 'pod install' or update your CocoaPods installation.\" >&2\n    exit 1\nfi\n";
			showEnvVarsInLog = 0;
		};
		DD5AC484DC31C8ED9ECDC442 /* [CP] Copy Pods Resources */ = {
			isa = PBXShellScriptBuildPhase;
			buildActionMask = 2147483647;
			files = (
			);
			inputPaths = (
			);
			name = "[CP] Copy Pods Resources";
			outputPaths = (
			);
			runOnlyForDeploymentPostprocessing = 0;
			shellPath = /bin/sh;
			shellScript = "\"${SRCROOT}/Pods/Target Support Files/Pods-SocialSDK/Pods-SocialSDK-resources.sh\"\n";
			showEnvVarsInLog = 0;
		};
/* End PBXShellScriptBuildPhase section */

/* Begin PBXSourcesBuildPhase section */
		0E4B31EA1E0294A000F231F0 /* Sources */ = {
			isa = PBXSourcesBuildPhase;
			buildActionMask = 2147483647;
			files = (
				0E90C00E1E03C6C9000D646E /* GSViewController.m in Sources */,
				0E4B31F21E0294A000F231F0 /* AppDelegate.swift in Sources */,
			);
			runOnlyForDeploymentPostprocessing = 0;
		};
		0E4B32031E02962C00F231F0 /* Sources */ = {
			isa = PBXSourcesBuildPhase;
			buildActionMask = 2147483647;
			files = (
				0E97D1591E14ACD20077B44E /* GSSinaShare.m in Sources */,
				0E5B21921ECEE30000CFE867 /* GSTextSelectView.m in Sources */,
				0E97D1571E14ACD20077B44E /* GSQzoneShare.m in Sources */,
				0E97D1261E14AC050077B44E /* GSBasePlatformParamConfig.m in Sources */,
				0E97D1131E14ABC40077B44E /* GSLoggerConfig.m in Sources */,
				0E97D1761E14AD120077B44E /* GSLoginManager.m in Sources */,
				0E7A40921E07AF4D0083899C /* GSCollectionViewCell.m in Sources */,
				0E7A408C1E078C9C0083899C /* GSCollectionViewHorizontalLayout.m in Sources */,
				0E97D12C1E14AC050077B44E /* GSQQPlatformParamConfig.m in Sources */,
				0E5B218E1ECEE30000CFE867 /* GSActionSheetSelectView.m in Sources */,
				0E97D1551E14ACD20077B44E /* GSQQShare.m in Sources */,
				0E97D15D1E14ACD20077B44E /* GSWeChatTimeLineShare.m in Sources */,
				0E97D14C1E14ACD20077B44E /* GSBaseShare.m in Sources */,
				0E97D1731E14AD120077B44E /* GSBaseLogin.m in Sources */,
				0E97D1791E14AD120077B44E /* GSLoginResult.m in Sources */,
				0E97D17C1E14AD120077B44E /* GSQQLogin.m in Sources */,
				0E97D1091E14AB9E0077B44E /* GSLogoReources.m in Sources */,
				0E5B21901ECEE30000CFE867 /* GSSimpleSelectView.m in Sources */,
				0E97D1521E14ACD20077B44E /* GSShareResult.m in Sources */,
				0E97D15B1E14ACD20077B44E /* GSWeChatSessionShare.m in Sources */,
				0E97D14F1E14ACD20077B44E /* GSShareManager.m in Sources */,
				0E97D1281E14AC050077B44E /* GSPlatformParamConfigManager.m in Sources */,
				0E97D1801E14AD120077B44E /* GSWeChatLogin.m in Sources */,
				0EDF13C11E03BAB700C554FC /* GSPayManager.m in Sources */,
				0E97D12E1E14AC050077B44E /* GSSinaPlatformParamConfig.m in Sources */,
				0E97D10C1E14AB9E0077B44E /* GSReourcesManager.m in Sources */,
				0EB544021E164ABA0078D5FD /* GSSocialManager.m in Sources */,
				0E97D17E1E14AD120077B44E /* GSSinaLogin.m in Sources */,
				0E97D1301E14AC050077B44E /* GSWeChatPlatformParamConfig.m in Sources */,
			);
			runOnlyForDeploymentPostprocessing = 0;
		};
/* End PBXSourcesBuildPhase section */

/* Begin PBXTargetDependency section */
		0E4B320E1E02962C00F231F0 /* PBXTargetDependency */ = {
			isa = PBXTargetDependency;
			target = 0E4B32071E02962C00F231F0 /* SocialSDK */;
			targetProxy = 0E4B320D1E02962C00F231F0 /* PBXContainerItemProxy */;
		};
/* End PBXTargetDependency section */

/* Begin PBXVariantGroup section */
		0E4B31F51E0294A000F231F0 /* Main.storyboard */ = {
			isa = PBXVariantGroup;
			children = (
				0E4B31F61E0294A000F231F0 /* Base */,
			);
			name = Main.storyboard;
			sourceTree = "<group>";
		};
		0E4B31FA1E0294A000F231F0 /* LaunchScreen.storyboard */ = {
			isa = PBXVariantGroup;
			children = (
				0E4B31FB1E0294A000F231F0 /* Base */,
			);
			name = LaunchScreen.storyboard;
			sourceTree = "<group>";
		};
/* End PBXVariantGroup section */

/* Begin XCBuildConfiguration section */
		0E4B31FE1E0294A000F231F0 /* Debug */ = {
			isa = XCBuildConfiguration;
			buildSettings = {
				ALWAYS_SEARCH_USER_PATHS = NO;
				CLANG_ANALYZER_NONNULL = YES;
				CLANG_CXX_LANGUAGE_STANDARD = "gnu++0x";
				CLANG_CXX_LIBRARY = "libc++";
				CLANG_ENABLE_MODULES = YES;
				CLANG_ENABLE_OBJC_ARC = YES;
				CLANG_WARN_BOOL_CONVERSION = YES;
				CLANG_WARN_CONSTANT_CONVERSION = YES;
				CLANG_WARN_DIRECT_OBJC_ISA_USAGE = YES_ERROR;
				CLANG_WARN_DOCUMENTATION_COMMENTS = YES;
				CLANG_WARN_EMPTY_BODY = YES;
				CLANG_WARN_ENUM_CONVERSION = YES;
				CLANG_WARN_INFINITE_RECURSION = YES;
				CLANG_WARN_INT_CONVERSION = YES;
				CLANG_WARN_OBJC_ROOT_CLASS = YES_ERROR;
				CLANG_WARN_SUSPICIOUS_MOVE = YES;
				CLANG_WARN_UNREACHABLE_CODE = YES;
				CLANG_WARN__DUPLICATE_METHOD_MATCH = YES;
				"CODE_SIGN_IDENTITY[sdk=iphoneos*]" = "iPhone Developer";
				COPY_PHASE_STRIP = NO;
				DEBUG_INFORMATION_FORMAT = dwarf;
				ENABLE_STRICT_OBJC_MSGSEND = YES;
				ENABLE_TESTABILITY = YES;
				GCC_C_LANGUAGE_STANDARD = gnu99;
				GCC_DYNAMIC_NO_PIC = NO;
				GCC_NO_COMMON_BLOCKS = YES;
				GCC_OPTIMIZATION_LEVEL = 0;
				GCC_PREPROCESSOR_DEFINITIONS = (
					"DEBUG=1",
					"$(inherited)",
				);
				GCC_WARN_64_TO_32_BIT_CONVERSION = YES;
				GCC_WARN_ABOUT_RETURN_TYPE = YES_ERROR;
				GCC_WARN_UNDECLARED_SELECTOR = YES;
				GCC_WARN_UNINITIALIZED_AUTOS = YES_AGGRESSIVE;
				GCC_WARN_UNUSED_FUNCTION = YES;
				GCC_WARN_UNUSED_VARIABLE = YES;
				IPHONEOS_DEPLOYMENT_TARGET = 10.2;
				MTL_ENABLE_DEBUG_INFO = YES;
				ONLY_ACTIVE_ARCH = YES;
				SDKROOT = iphoneos;
				SWIFT_ACTIVE_COMPILATION_CONDITIONS = DEBUG;
				SWIFT_OPTIMIZATION_LEVEL = "-Onone";
			};
			name = Debug;
		};
		0E4B31FF1E0294A000F231F0 /* Release */ = {
			isa = XCBuildConfiguration;
			buildSettings = {
				ALWAYS_SEARCH_USER_PATHS = NO;
				CLANG_ANALYZER_NONNULL = YES;
				CLANG_CXX_LANGUAGE_STANDARD = "gnu++0x";
				CLANG_CXX_LIBRARY = "libc++";
				CLANG_ENABLE_MODULES = YES;
				CLANG_ENABLE_OBJC_ARC = YES;
				CLANG_WARN_BOOL_CONVERSION = YES;
				CLANG_WARN_CONSTANT_CONVERSION = YES;
				CLANG_WARN_DIRECT_OBJC_ISA_USAGE = YES_ERROR;
				CLANG_WARN_DOCUMENTATION_COMMENTS = YES;
				CLANG_WARN_EMPTY_BODY = YES;
				CLANG_WARN_ENUM_CONVERSION = YES;
				CLANG_WARN_INFINITE_RECURSION = YES;
				CLANG_WARN_INT_CONVERSION = YES;
				CLANG_WARN_OBJC_ROOT_CLASS = YES_ERROR;
				CLANG_WARN_SUSPICIOUS_MOVE = YES;
				CLANG_WARN_UNREACHABLE_CODE = YES;
				CLANG_WARN__DUPLICATE_METHOD_MATCH = YES;
				"CODE_SIGN_IDENTITY[sdk=iphoneos*]" = "iPhone Developer";
				COPY_PHASE_STRIP = NO;
				DEBUG_INFORMATION_FORMAT = "dwarf-with-dsym";
				ENABLE_NS_ASSERTIONS = NO;
				ENABLE_STRICT_OBJC_MSGSEND = YES;
				GCC_C_LANGUAGE_STANDARD = gnu99;
				GCC_NO_COMMON_BLOCKS = YES;
				GCC_WARN_64_TO_32_BIT_CONVERSION = YES;
				GCC_WARN_ABOUT_RETURN_TYPE = YES_ERROR;
				GCC_WARN_UNDECLARED_SELECTOR = YES;
				GCC_WARN_UNINITIALIZED_AUTOS = YES_AGGRESSIVE;
				GCC_WARN_UNUSED_FUNCTION = YES;
				GCC_WARN_UNUSED_VARIABLE = YES;
				IPHONEOS_DEPLOYMENT_TARGET = 10.2;
				MTL_ENABLE_DEBUG_INFO = NO;
				SDKROOT = iphoneos;
				SWIFT_OPTIMIZATION_LEVEL = "-Owholemodule";
				VALIDATE_PRODUCT = YES;
			};
			name = Release;
		};
		0E4B32011E0294A000F231F0 /* Debug */ = {
			isa = XCBuildConfiguration;
			baseConfigurationReference = 9601BEE627C7FE4B39525D71 /* Pods-SocialSDKDemo.debug.xcconfig */;
			buildSettings = {
				ASSETCATALOG_COMPILER_APPICON_NAME = AppIcon;
				CLANG_ENABLE_MODULES = YES;
				"CODE_SIGN_IDENTITY[sdk=iphoneos*]" = "iPhone Developer";
				DEVELOPMENT_TEAM = "";
				INFOPLIST_FILE = SocialSDKDemo/Info.plist;
				IPHONEOS_DEPLOYMENT_TARGET = 8.0;
				LD_RUNPATH_SEARCH_PATHS = "$(inherited) @executable_path/Frameworks";
				PRODUCT_BUNDLE_IDENTIFIER = "com.lollipop.LLPP-IOS";
				PRODUCT_NAME = "$(TARGET_NAME)";
				PROVISIONING_PROFILE = "";
				PROVISIONING_PROFILE_SPECIFIER = "";
				SWIFT_OBJC_BRIDGING_HEADER = "SocialSDKDemo/SocialSDKDemo-Bridging-Header.h";
				SWIFT_OPTIMIZATION_LEVEL = "-Onone";
				SWIFT_VERSION = 3.0;
				TARGETED_DEVICE_FAMILY = "1,2";
			};
			name = Debug;
		};
		0E4B32021E0294A000F231F0 /* Release */ = {
			isa = XCBuildConfiguration;
			baseConfigurationReference = 829D9DA51FC276C3BD9B6F0B /* Pods-SocialSDKDemo.release.xcconfig */;
			buildSettings = {
				ASSETCATALOG_COMPILER_APPICON_NAME = AppIcon;
				CLANG_ENABLE_MODULES = YES;
				"CODE_SIGN_IDENTITY[sdk=iphoneos*]" = "iPhone Developer";
				DEVELOPMENT_TEAM = "";
				INFOPLIST_FILE = SocialSDKDemo/Info.plist;
				IPHONEOS_DEPLOYMENT_TARGET = 8.0;
				LD_RUNPATH_SEARCH_PATHS = "$(inherited) @executable_path/Frameworks";
				PRODUCT_BUNDLE_IDENTIFIER = "com.lollipop.LLPP-IOS";
				PRODUCT_NAME = "$(TARGET_NAME)";
				SWIFT_OBJC_BRIDGING_HEADER = "SocialSDKDemo/SocialSDKDemo-Bridging-Header.h";
				SWIFT_VERSION = 3.0;
				TARGETED_DEVICE_FAMILY = "1,2";
			};
			name = Release;
		};
		0E4B32111E02962C00F231F0 /* Debug */ = {
			isa = XCBuildConfiguration;
			baseConfigurationReference = 9559809474D9F814326C3975 /* Pods-SocialSDK.debug.xcconfig */;
			buildSettings = {
				CLANG_ENABLE_MODULES = YES;
				CODE_SIGN_IDENTITY = "";
				CURRENT_PROJECT_VERSION = 1;
				DEFINES_MODULE = YES;
				DEVELOPMENT_TEAM = "";
				DYLIB_COMPATIBILITY_VERSION = 1;
				DYLIB_CURRENT_VERSION = 1;
				DYLIB_INSTALL_NAME_BASE = "@rpath";
				INFOPLIST_FILE = SocialSDK/Info.plist;
				INSTALL_PATH = "$(LOCAL_LIBRARY_DIR)/Frameworks";
				IPHONEOS_DEPLOYMENT_TARGET = 8.0;
				LD_RUNPATH_SEARCH_PATHS = "$(inherited) @executable_path/Frameworks @loader_path/Frameworks";
				PRODUCT_BUNDLE_IDENTIFIER = com.GagSquad.SocialSDK;
				PRODUCT_NAME = "$(TARGET_NAME)";
				SKIP_INSTALL = YES;
				SWIFT_OPTIMIZATION_LEVEL = "-Onone";
				SWIFT_VERSION = 3.0;
				TARGETED_DEVICE_FAMILY = "1,2";
				VERSIONING_SYSTEM = "apple-generic";
				VERSION_INFO_PREFIX = "";
			};
			name = Debug;
		};
		0E4B32121E02962C00F231F0 /* Release */ = {
			isa = XCBuildConfiguration;
			baseConfigurationReference = 257AA106F638C7438C63C51D /* Pods-SocialSDK.release.xcconfig */;
			buildSettings = {
				CLANG_ENABLE_MODULES = YES;
				CODE_SIGN_IDENTITY = "";
				CURRENT_PROJECT_VERSION = 1;
				DEFINES_MODULE = YES;
				DEVELOPMENT_TEAM = "";
				DYLIB_COMPATIBILITY_VERSION = 1;
				DYLIB_CURRENT_VERSION = 1;
				DYLIB_INSTALL_NAME_BASE = "@rpath";
				INFOPLIST_FILE = SocialSDK/Info.plist;
				INSTALL_PATH = "$(LOCAL_LIBRARY_DIR)/Frameworks";
				IPHONEOS_DEPLOYMENT_TARGET = 8.0;
				LD_RUNPATH_SEARCH_PATHS = "$(inherited) @executable_path/Frameworks @loader_path/Frameworks";
				PRODUCT_BUNDLE_IDENTIFIER = com.GagSquad.SocialSDK;
				PRODUCT_NAME = "$(TARGET_NAME)";
				SKIP_INSTALL = YES;
				SWIFT_VERSION = 3.0;
				TARGETED_DEVICE_FAMILY = "1,2";
				VERSIONING_SYSTEM = "apple-generic";
				VERSION_INFO_PREFIX = "";
			};
			name = Release;
		};
/* End XCBuildConfiguration section */

/* Begin XCConfigurationList section */
		0E4B31E91E0294A000F231F0 /* Build configuration list for PBXProject "SocialSDKDemo" */ = {
			isa = XCConfigurationList;
			buildConfigurations = (
				0E4B31FE1E0294A000F231F0 /* Debug */,
				0E4B31FF1E0294A000F231F0 /* Release */,
			);
			defaultConfigurationIsVisible = 0;
			defaultConfigurationName = Release;
		};
		0E4B32001E0294A000F231F0 /* Build configuration list for PBXNativeTarget "SocialSDKDemo" */ = {
			isa = XCConfigurationList;
			buildConfigurations = (
				0E4B32011E0294A000F231F0 /* Debug */,
				0E4B32021E0294A000F231F0 /* Release */,
			);
			defaultConfigurationIsVisible = 0;
			defaultConfigurationName = Release;
		};
		0E4B32131E02962C00F231F0 /* Build configuration list for PBXNativeTarget "SocialSDK" */ = {
			isa = XCConfigurationList;
			buildConfigurations = (
				0E4B32111E02962C00F231F0 /* Debug */,
				0E4B32121E02962C00F231F0 /* Release */,
			);
			defaultConfigurationIsVisible = 0;
			defaultConfigurationName = Release;
		};
/* End XCConfigurationList section */
	};
	rootObject = 0E4B31E61E0294A000F231F0 /* Project object */;
}
