// !$*UTF8*$!
{
	archiveVersion = 1;
	classes = {
	};
	objectVersion = 46;
	objects = {

/* Begin PBXBuildFile section */
		0E3171371E03887200A75EA4 /* TestUI.swift in Sources */ = {isa = PBXBuildFile; fileRef = 0E3171361E03887200A75EA4 /* TestUI.swift */; };
		0E4B31F21E0294A000F231F0 /* AppDelegate.swift in Sources */ = {isa = PBXBuildFile; fileRef = 0E4B31F11E0294A000F231F0 /* AppDelegate.swift */; };
		0E4B31F71E0294A000F231F0 /* Main.storyboard in Resources */ = {isa = PBXBuildFile; fileRef = 0E4B31F51E0294A000F231F0 /* Main.storyboard */; };
		0E4B31F91E0294A000F231F0 /* Assets.xcassets in Resources */ = {isa = PBXBuildFile; fileRef = 0E4B31F81E0294A000F231F0 /* Assets.xcassets */; };
		0E4B31FC1E0294A000F231F0 /* LaunchScreen.storyboard in Resources */ = {isa = PBXBuildFile; fileRef = 0E4B31FA1E0294A000F231F0 /* LaunchScreen.storyboard */; };
		0E4B320C1E02962C00F231F0 /* SocialSDK.h in Headers */ = {isa = PBXBuildFile; fileRef = 0E4B320A1E02962C00F231F0 /* SocialSDK.h */; settings = {ATTRIBUTES = (Public, ); }; };
		0E4B320F1E02962C00F231F0 /* SocialSDK.framework in Frameworks */ = {isa = PBXBuildFile; fileRef = 0E4B32081E02962C00F231F0 /* SocialSDK.framework */; };
		0E4B32101E02962C00F231F0 /* SocialSDK.framework in Embed Frameworks */ = {isa = PBXBuildFile; fileRef = 0E4B32081E02962C00F231F0 /* SocialSDK.framework */; settings = {ATTRIBUTES = (CodeSignOnCopy, RemoveHeadersOnCopy, ); }; };
		0E90C00A1E03C391000D646E /* GSShareProtocol.h in Headers */ = {isa = PBXBuildFile; fileRef = 0E90C0091E03C391000D646E /* GSShareProtocol.h */; settings = {ATTRIBUTES = (Public, ); }; };
		0E90C00E1E03C6C9000D646E /* GSViewController.m in Sources */ = {isa = PBXBuildFile; fileRef = 0E90C00D1E03C6C9000D646E /* GSViewController.m */; };
		0E90C0111E03C895000D646E /* GSLoggerConfig.h in Headers */ = {isa = PBXBuildFile; fileRef = 0E90C00F1E03C895000D646E /* GSLoggerConfig.h */; settings = {ATTRIBUTES = (Public, ); }; };
		0E90C0121E03C895000D646E /* GSLoggerConfig.m in Sources */ = {isa = PBXBuildFile; fileRef = 0E90C0101E03C895000D646E /* GSLoggerConfig.m */; };
		0E90C0141E03CAF4000D646E /* GSPlatformType.h in Headers */ = {isa = PBXBuildFile; fileRef = 0EDF13B91E03BA8B00C554FC /* GSPlatformType.h */; settings = {ATTRIBUTES = (Public, ); }; };
		0EAE695E1E04E2AC00238DF1 /* GSPlatformParamConfigProtocol.h in Headers */ = {isa = PBXBuildFile; fileRef = 0EAE695D1E04E2AC00238DF1 /* GSPlatformParamConfigProtocol.h */; };
		0EAE69611E04E2D000238DF1 /* GSBasePlatformParamConfig.h in Headers */ = {isa = PBXBuildFile; fileRef = 0EAE695F1E04E2D000238DF1 /* GSBasePlatformParamConfig.h */; };
		0EAE69621E04E2D000238DF1 /* GSBasePlatformParamConfig.m in Sources */ = {isa = PBXBuildFile; fileRef = 0EAE69601E04E2D000238DF1 /* GSBasePlatformParamConfig.m */; };
		0EAE69691E04E32500238DF1 /* GSSinaPlatformParamConfig.h in Headers */ = {isa = PBXBuildFile; fileRef = 0EAE69671E04E32500238DF1 /* GSSinaPlatformParamConfig.h */; };
		0EAE696A1E04E32500238DF1 /* GSSinaPlatformParamConfig.m in Sources */ = {isa = PBXBuildFile; fileRef = 0EAE69681E04E32500238DF1 /* GSSinaPlatformParamConfig.m */; };
		0EDF13B71E03BA6F00C554FC /* GSPlatformParamConfigManager.h in Headers */ = {isa = PBXBuildFile; fileRef = 0EDF13B51E03BA6F00C554FC /* GSPlatformParamConfigManager.h */; settings = {ATTRIBUTES = (Public, ); }; };
		0EDF13B81E03BA6F00C554FC /* GSPlatformParamConfigManager.m in Sources */ = {isa = PBXBuildFile; fileRef = 0EDF13B61E03BA6F00C554FC /* GSPlatformParamConfigManager.m */; };
		0EDF13BC1E03BAA700C554FC /* GSLoginManager.h in Headers */ = {isa = PBXBuildFile; fileRef = 0EDF13BA1E03BAA700C554FC /* GSLoginManager.h */; };
		0EDF13BD1E03BAA700C554FC /* GSLoginManager.m in Sources */ = {isa = PBXBuildFile; fileRef = 0EDF13BB1E03BAA700C554FC /* GSLoginManager.m */; };
		0EDF13C01E03BAB700C554FC /* GSPayManager.h in Headers */ = {isa = PBXBuildFile; fileRef = 0EDF13BE1E03BAB700C554FC /* GSPayManager.h */; };
		0EDF13C11E03BAB700C554FC /* GSPayManager.m in Sources */ = {isa = PBXBuildFile; fileRef = 0EDF13BF1E03BAB700C554FC /* GSPayManager.m */; };
		0EDF13C41E03BAC500C554FC /* GSBaseShare.h in Headers */ = {isa = PBXBuildFile; fileRef = 0EDF13C21E03BAC500C554FC /* GSBaseShare.h */; };
		0EDF13C51E03BAC500C554FC /* GSBaseShare.m in Sources */ = {isa = PBXBuildFile; fileRef = 0EDF13C31E03BAC500C554FC /* GSBaseShare.m */; };
		0EDF13C81E03BADD00C554FC /* GSSinaShare.h in Headers */ = {isa = PBXBuildFile; fileRef = 0EDF13C61E03BADD00C554FC /* GSSinaShare.h */; };
		0EDF13C91E03BADD00C554FC /* GSSinaShare.m in Sources */ = {isa = PBXBuildFile; fileRef = 0EDF13C71E03BADD00C554FC /* GSSinaShare.m */; };
		0EDF13CC1E03BAEA00C554FC /* GSShareManager.h in Headers */ = {isa = PBXBuildFile; fileRef = 0EDF13CA1E03BAEA00C554FC /* GSShareManager.h */; settings = {ATTRIBUTES = (Public, ); }; };
		0EDF13CD1E03BAEA00C554FC /* GSShareManager.mm in Sources */ = {isa = PBXBuildFile; fileRef = 0EDF13CB1E03BAEA00C554FC /* GSShareManager.mm */; };
		0EDF13D01E03BB0500C554FC /* GSQQShare.h in Headers */ = {isa = PBXBuildFile; fileRef = 0EDF13CE1E03BB0500C554FC /* GSQQShare.h */; };
		0EDF13D11E03BB0500C554FC /* GSQQShare.m in Sources */ = {isa = PBXBuildFile; fileRef = 0EDF13CF1E03BB0500C554FC /* GSQQShare.m */; };
		0EF038281E04016100F11B4E /* GSShareResult.h in Headers */ = {isa = PBXBuildFile; fileRef = 0EF038261E04016100F11B4E /* GSShareResult.h */; };
		0EF038291E04016100F11B4E /* GSShareResult.m in Sources */ = {isa = PBXBuildFile; fileRef = 0EF038271E04016100F11B4E /* GSShareResult.m */; };
		0EF0382B1E04018100F11B4E /* GSShareResultProtocol.h in Headers */ = {isa = PBXBuildFile; fileRef = 0EF0382A1E04018100F11B4E /* GSShareResultProtocol.h */; };
		6EE178E64608D9FE80D853D6 /* Pods_SocialSDK.framework in Frameworks */ = {isa = PBXBuildFile; fileRef = 828793C50AC8B1B8F0E93277 /* Pods_SocialSDK.framework */; };
		79CB53B5CB6FCC98DF33B7FC /* Pods_SocialSDKDemo.framework in Frameworks */ = {isa = PBXBuildFile; fileRef = EAA65CA283A949C0585437B0 /* Pods_SocialSDKDemo.framework */; };
		F56676391E0518380018F4F9 /* GSQQPlatformParamConfig.h in Headers */ = {isa = PBXBuildFile; fileRef = F56676371E0518380018F4F9 /* GSQQPlatformParamConfig.h */; };
		F566763A1E0518380018F4F9 /* GSQQPlatformParamConfig.m in Sources */ = {isa = PBXBuildFile; fileRef = F56676381E0518380018F4F9 /* GSQQPlatformParamConfig.m */; };
		F5ADC98A1E029EC700632969 /* TencentOpenAPI.framework in Frameworks */ = {isa = PBXBuildFile; fileRef = F5ADC97A1E029EC700632969 /* TencentOpenAPI.framework */; };
		F5ADC98B1E029EC700632969 /* TencentOpenApi_IOS_Bundle.bundle in Resources */ = {isa = PBXBuildFile; fileRef = F5ADC97B1E029EC700632969 /* TencentOpenApi_IOS_Bundle.bundle */; };
/* End PBXBuildFile section */

/* Begin PBXContainerItemProxy section */
		0E4B320D1E02962C00F231F0 /* PBXContainerItemProxy */ = {
			isa = PBXContainerItemProxy;
			containerPortal = 0E4B31E61E0294A000F231F0 /* Project object */;
			proxyType = 1;
			remoteGlobalIDString = 0E4B32071E02962C00F231F0;
			remoteInfo = SocialSDK;
		};
/* End PBXContainerItemProxy section */

/* Begin PBXCopyFilesBuildPhase section */
		0E4B32141E02962C00F231F0 /* Embed Frameworks */ = {
			isa = PBXCopyFilesBuildPhase;
			buildActionMask = 2147483647;
			dstPath = "";
			dstSubfolderSpec = 10;
			files = (
				0E4B32101E02962C00F231F0 /* SocialSDK.framework in Embed Frameworks */,
			);
			name = "Embed Frameworks";
			runOnlyForDeploymentPostprocessing = 0;
		};
/* End PBXCopyFilesBuildPhase section */

/* Begin PBXFileReference section */
		059743971EFDA68B29DD7166 /* Pods-SocialSDKDemo.debug.xcconfig */ = {isa = PBXFileReference; includeInIndex = 1; lastKnownFileType = text.xcconfig; name = "Pods-SocialSDKDemo.debug.xcconfig"; path = "Pods/Target Support Files/Pods-SocialSDKDemo/Pods-SocialSDKDemo.debug.xcconfig"; sourceTree = "<group>"; };
		0E3171361E03887200A75EA4 /* TestUI.swift */ = {isa = PBXFileReference; fileEncoding = 4; lastKnownFileType = sourcecode.swift; path = TestUI.swift; sourceTree = "<group>"; };
		0E4B31EE1E0294A000F231F0 /* SocialSDKDemo.app */ = {isa = PBXFileReference; explicitFileType = wrapper.application; includeInIndex = 0; path = SocialSDKDemo.app; sourceTree = BUILT_PRODUCTS_DIR; };
		0E4B31F11E0294A000F231F0 /* AppDelegate.swift */ = {isa = PBXFileReference; lastKnownFileType = sourcecode.swift; path = AppDelegate.swift; sourceTree = "<group>"; };
		0E4B31F61E0294A000F231F0 /* Base */ = {isa = PBXFileReference; lastKnownFileType = file.storyboard; name = Base; path = Base.lproj/Main.storyboard; sourceTree = "<group>"; };
		0E4B31F81E0294A000F231F0 /* Assets.xcassets */ = {isa = PBXFileReference; lastKnownFileType = folder.assetcatalog; path = Assets.xcassets; sourceTree = "<group>"; };
		0E4B31FB1E0294A000F231F0 /* Base */ = {isa = PBXFileReference; lastKnownFileType = file.storyboard; name = Base; path = Base.lproj/LaunchScreen.storyboard; sourceTree = "<group>"; };
		0E4B31FD1E0294A000F231F0 /* Info.plist */ = {isa = PBXFileReference; lastKnownFileType = text.plist.xml; path = Info.plist; sourceTree = "<group>"; };
		0E4B32081E02962C00F231F0 /* SocialSDK.framework */ = {isa = PBXFileReference; explicitFileType = wrapper.framework; includeInIndex = 0; path = SocialSDK.framework; sourceTree = BUILT_PRODUCTS_DIR; };
		0E4B320A1E02962C00F231F0 /* SocialSDK.h */ = {isa = PBXFileReference; lastKnownFileType = sourcecode.c.h; path = SocialSDK.h; sourceTree = "<group>"; };
		0E4B320B1E02962C00F231F0 /* Info.plist */ = {isa = PBXFileReference; lastKnownFileType = text.plist.xml; path = Info.plist; sourceTree = "<group>"; };
		0E90C0091E03C391000D646E /* GSShareProtocol.h */ = {isa = PBXFileReference; fileEncoding = 4; lastKnownFileType = sourcecode.c.h; path = GSShareProtocol.h; sourceTree = "<group>"; };
		0E90C00B1E03C6C8000D646E /* SocialSDKDemo-Bridging-Header.h */ = {isa = PBXFileReference; lastKnownFileType = sourcecode.c.h; path = "SocialSDKDemo-Bridging-Header.h"; sourceTree = "<group>"; };
		0E90C00C1E03C6C9000D646E /* GSViewController.h */ = {isa = PBXFileReference; fileEncoding = 4; lastKnownFileType = sourcecode.c.h; path = GSViewController.h; sourceTree = "<group>"; };
		0E90C00D1E03C6C9000D646E /* GSViewController.m */ = {isa = PBXFileReference; fileEncoding = 4; lastKnownFileType = sourcecode.c.objc; path = GSViewController.m; sourceTree = "<group>"; };
		0E90C00F1E03C895000D646E /* GSLoggerConfig.h */ = {isa = PBXFileReference; fileEncoding = 4; lastKnownFileType = sourcecode.c.h; path = GSLoggerConfig.h; sourceTree = "<group>"; };
		0E90C0101E03C895000D646E /* GSLoggerConfig.m */ = {isa = PBXFileReference; fileEncoding = 4; lastKnownFileType = sourcecode.c.objc; path = GSLoggerConfig.m; sourceTree = "<group>"; };
		0E90C0131E03C8B3000D646E /* GSLogger.h */ = {isa = PBXFileReference; lastKnownFileType = sourcecode.c.h; path = GSLogger.h; sourceTree = "<group>"; };
		0E90C0171E03D05C000D646E /* CUThirdPartyConstant.h */ = {isa = PBXFileReference; fileEncoding = 4; lastKnownFileType = sourcecode.c.h; path = CUThirdPartyConstant.h; sourceTree = "<group>"; };
		0EAE695D1E04E2AC00238DF1 /* GSPlatformParamConfigProtocol.h */ = {isa = PBXFileReference; fileEncoding = 4; lastKnownFileType = sourcecode.c.h; path = GSPlatformParamConfigProtocol.h; sourceTree = "<group>"; };
		0EAE695F1E04E2D000238DF1 /* GSBasePlatformParamConfig.h */ = {isa = PBXFileReference; fileEncoding = 4; lastKnownFileType = sourcecode.c.h; path = GSBasePlatformParamConfig.h; sourceTree = "<group>"; };
		0EAE69601E04E2D000238DF1 /* GSBasePlatformParamConfig.m */ = {isa = PBXFileReference; fileEncoding = 4; lastKnownFileType = sourcecode.c.objc; path = GSBasePlatformParamConfig.m; sourceTree = "<group>"; };
		0EAE69671E04E32500238DF1 /* GSSinaPlatformParamConfig.h */ = {isa = PBXFileReference; fileEncoding = 4; lastKnownFileType = sourcecode.c.h; path = GSSinaPlatformParamConfig.h; sourceTree = "<group>"; };
		0EAE69681E04E32500238DF1 /* GSSinaPlatformParamConfig.m */ = {isa = PBXFileReference; fileEncoding = 4; lastKnownFileType = sourcecode.c.objc; path = GSSinaPlatformParamConfig.m; sourceTree = "<group>"; };
		0EDF13A71E039D3900C554FC /* SocialSDK.podspec */ = {isa = PBXFileReference; explicitFileType = text.script.ruby; path = SocialSDK.podspec; sourceTree = "<group>"; };
		0EDF13B51E03BA6F00C554FC /* GSPlatformParamConfigManager.h */ = {isa = PBXFileReference; fileEncoding = 4; lastKnownFileType = sourcecode.c.h; path = GSPlatformParamConfigManager.h; sourceTree = "<group>"; };
		0EDF13B61E03BA6F00C554FC /* GSPlatformParamConfigManager.m */ = {isa = PBXFileReference; fileEncoding = 4; lastKnownFileType = sourcecode.c.objc; path = GSPlatformParamConfigManager.m; sourceTree = "<group>"; };
		0EDF13B91E03BA8B00C554FC /* GSPlatformType.h */ = {isa = PBXFileReference; lastKnownFileType = sourcecode.c.h; path = GSPlatformType.h; sourceTree = "<group>"; };
		0EDF13BA1E03BAA700C554FC /* GSLoginManager.h */ = {isa = PBXFileReference; fileEncoding = 4; lastKnownFileType = sourcecode.c.h; path = GSLoginManager.h; sourceTree = "<group>"; };
		0EDF13BB1E03BAA700C554FC /* GSLoginManager.m */ = {isa = PBXFileReference; fileEncoding = 4; lastKnownFileType = sourcecode.c.objc; path = GSLoginManager.m; sourceTree = "<group>"; };
		0EDF13BE1E03BAB700C554FC /* GSPayManager.h */ = {isa = PBXFileReference; fileEncoding = 4; lastKnownFileType = sourcecode.c.h; path = GSPayManager.h; sourceTree = "<group>"; };
		0EDF13BF1E03BAB700C554FC /* GSPayManager.m */ = {isa = PBXFileReference; fileEncoding = 4; lastKnownFileType = sourcecode.c.objc; path = GSPayManager.m; sourceTree = "<group>"; };
		0EDF13C21E03BAC500C554FC /* GSBaseShare.h */ = {isa = PBXFileReference; fileEncoding = 4; lastKnownFileType = sourcecode.c.h; path = GSBaseShare.h; sourceTree = "<group>"; };
		0EDF13C31E03BAC500C554FC /* GSBaseShare.m */ = {isa = PBXFileReference; fileEncoding = 4; lastKnownFileType = sourcecode.c.objc; path = GSBaseShare.m; sourceTree = "<group>"; };
		0EDF13C61E03BADD00C554FC /* GSSinaShare.h */ = {isa = PBXFileReference; fileEncoding = 4; lastKnownFileType = sourcecode.c.h; path = GSSinaShare.h; sourceTree = "<group>"; };
		0EDF13C71E03BADD00C554FC /* GSSinaShare.m */ = {isa = PBXFileReference; fileEncoding = 4; lastKnownFileType = sourcecode.c.objc; path = GSSinaShare.m; sourceTree = "<group>"; };
		0EDF13CA1E03BAEA00C554FC /* GSShareManager.h */ = {isa = PBXFileReference; fileEncoding = 4; lastKnownFileType = sourcecode.c.h; path = GSShareManager.h; sourceTree = "<group>"; };
		0EDF13CB1E03BAEA00C554FC /* GSShareManager.mm */ = {isa = PBXFileReference; fileEncoding = 4; lastKnownFileType = sourcecode.cpp.objcpp; path = GSShareManager.mm; sourceTree = "<group>"; };
		0EDF13CE1E03BB0500C554FC /* GSQQShare.h */ = {isa = PBXFileReference; fileEncoding = 4; lastKnownFileType = sourcecode.c.h; path = GSQQShare.h; sourceTree = "<group>"; };
		0EDF13CF1E03BB0500C554FC /* GSQQShare.m */ = {isa = PBXFileReference; fileEncoding = 4; lastKnownFileType = sourcecode.c.objc; path = GSQQShare.m; sourceTree = "<group>"; };
		0EF038261E04016100F11B4E /* GSShareResult.h */ = {isa = PBXFileReference; fileEncoding = 4; lastKnownFileType = sourcecode.c.h; path = GSShareResult.h; sourceTree = "<group>"; };
		0EF038271E04016100F11B4E /* GSShareResult.m */ = {isa = PBXFileReference; fileEncoding = 4; lastKnownFileType = sourcecode.c.objc; path = GSShareResult.m; sourceTree = "<group>"; };
		0EF0382A1E04018100F11B4E /* GSShareResultProtocol.h */ = {isa = PBXFileReference; fileEncoding = 4; lastKnownFileType = sourcecode.c.h; path = GSShareResultProtocol.h; sourceTree = "<group>"; };
		211A32EFE914CA25D164F791 /* Pods-SocialSDKDemo.release.xcconfig */ = {isa = PBXFileReference; includeInIndex = 1; lastKnownFileType = text.xcconfig; name = "Pods-SocialSDKDemo.release.xcconfig"; path = "Pods/Target Support Files/Pods-SocialSDKDemo/Pods-SocialSDKDemo.release.xcconfig"; sourceTree = "<group>"; };
		257AA106F638C7438C63C51D /* Pods-SocialSDK.release.xcconfig */ = {isa = PBXFileReference; includeInIndex = 1; lastKnownFileType = text.xcconfig; name = "Pods-SocialSDK.release.xcconfig"; path = "Pods/Target Support Files/Pods-SocialSDK/Pods-SocialSDK.release.xcconfig"; sourceTree = "<group>"; };
		828793C50AC8B1B8F0E93277 /* Pods_SocialSDK.framework */ = {isa = PBXFileReference; explicitFileType = wrapper.framework; includeInIndex = 0; path = Pods_SocialSDK.framework; sourceTree = BUILT_PRODUCTS_DIR; };
		9559809474D9F814326C3975 /* Pods-SocialSDK.debug.xcconfig */ = {isa = PBXFileReference; includeInIndex = 1; lastKnownFileType = text.xcconfig; name = "Pods-SocialSDK.debug.xcconfig"; path = "Pods/Target Support Files/Pods-SocialSDK/Pods-SocialSDK.debug.xcconfig"; sourceTree = "<group>"; };
		EAA65CA283A949C0585437B0 /* Pods_SocialSDKDemo.framework */ = {isa = PBXFileReference; explicitFileType = wrapper.framework; includeInIndex = 0; path = Pods_SocialSDKDemo.framework; sourceTree = BUILT_PRODUCTS_DIR; };
		F56676371E0518380018F4F9 /* GSQQPlatformParamConfig.h */ = {isa = PBXFileReference; fileEncoding = 4; lastKnownFileType = sourcecode.c.h; path = GSQQPlatformParamConfig.h; sourceTree = "<group>"; };
		F56676381E0518380018F4F9 /* GSQQPlatformParamConfig.m */ = {isa = PBXFileReference; fileEncoding = 4; lastKnownFileType = sourcecode.c.objc; path = GSQQPlatformParamConfig.m; sourceTree = "<group>"; };
		F5ADC97A1E029EC700632969 /* TencentOpenAPI.framework */ = {isa = PBXFileReference; lastKnownFileType = wrapper.framework; path = TencentOpenAPI.framework; sourceTree = "<group>"; };
		F5ADC97B1E029EC700632969 /* TencentOpenApi_IOS_Bundle.bundle */ = {isa = PBXFileReference; lastKnownFileType = "wrapper.plug-in"; path = TencentOpenApi_IOS_Bundle.bundle; sourceTree = "<group>"; };
/* End PBXFileReference section */

/* Begin PBXFrameworksBuildPhase section */
		0E4B31EB1E0294A000F231F0 /* Frameworks */ = {
			isa = PBXFrameworksBuildPhase;
			buildActionMask = 2147483647;
			files = (
				0E4B320F1E02962C00F231F0 /* SocialSDK.framework in Frameworks */,
				79CB53B5CB6FCC98DF33B7FC /* Pods_SocialSDKDemo.framework in Frameworks */,
			);
			runOnlyForDeploymentPostprocessing = 0;
		};
		0E4B32041E02962C00F231F0 /* Frameworks */ = {
			isa = PBXFrameworksBuildPhase;
			buildActionMask = 2147483647;
			files = (
				F5ADC98A1E029EC700632969 /* TencentOpenAPI.framework in Frameworks */,
				6EE178E64608D9FE80D853D6 /* Pods_SocialSDK.framework in Frameworks */,
			);
			runOnlyForDeploymentPostprocessing = 0;
		};
/* End PBXFrameworksBuildPhase section */

/* Begin PBXGroup section */
		0E3171231E02B7C800A75EA4 /* Login */ = {
			isa = PBXGroup;
			children = (
				0EDF13BA1E03BAA700C554FC /* GSLoginManager.h */,
				0EDF13BB1E03BAA700C554FC /* GSLoginManager.m */,
			);
			path = Login;
			sourceTree = "<group>";
		};
		0E3171241E02B7C800A75EA4 /* Pay */ = {
			isa = PBXGroup;
			children = (
				0EDF13BE1E03BAB700C554FC /* GSPayManager.h */,
				0EDF13BF1E03BAB700C554FC /* GSPayManager.m */,
			);
			path = Pay;
			sourceTree = "<group>";
		};
		0E3171251E02B7C800A75EA4 /* Share */ = {
			isa = PBXGroup;
			children = (
				0EDF13D41E03BB1B00C554FC /* Base */,
				0EDF13D31E03BB1300C554FC /* Sina */,
				0EDF13D21E03BB0D00C554FC /* QQ */,
				0EDF13CA1E03BAEA00C554FC /* GSShareManager.h */,
				0EDF13CB1E03BAEA00C554FC /* GSShareManager.mm */,
			);
			path = Share;
			sourceTree = "<group>";
		};
		0E31712C1E0387C500A75EA4 /* Core */ = {
			isa = PBXGroup;
			children = (
				0EA864601E04ECA600B9420D /* ConfigManager */,
				0EA8645F1E04EC9600B9420D /* Logger */,
				0EAE695C1E04E1B300238DF1 /* PlatformParamConfig */,
			);
			path = Core;
			sourceTree = "<group>";
		};
		0E31712F1E0387C500A75EA4 /* UI */ = {
			isa = PBXGroup;
			children = (
				0E3171361E03887200A75EA4 /* TestUI.swift */,
			);
			path = UI;
			sourceTree = "<group>";
		};
		0E4B31E51E0294A000F231F0 = {
			isa = PBXGroup;
			children = (
				0EDF13A71E039D3900C554FC /* SocialSDK.podspec */,
				0E4B31F01E0294A000F231F0 /* SocialSDKDemo */,
				0E4B32091E02962C00F231F0 /* SocialSDK */,
				0E4B31EF1E0294A000F231F0 /* Products */,
				CAE9A321ADA2282D12CD0928 /* Pods */,
				E53E332F43DA01F024BE9E5F /* Frameworks */,
			);
			sourceTree = "<group>";
		};
		0E4B31EF1E0294A000F231F0 /* Products */ = {
			isa = PBXGroup;
			children = (
				0E4B31EE1E0294A000F231F0 /* SocialSDKDemo.app */,
				0E4B32081E02962C00F231F0 /* SocialSDK.framework */,
			);
			name = Products;
			sourceTree = "<group>";
		};
		0E4B31F01E0294A000F231F0 /* SocialSDKDemo */ = {
			isa = PBXGroup;
			children = (
				0E90C0171E03D05C000D646E /* CUThirdPartyConstant.h */,
				0E4B31F11E0294A000F231F0 /* AppDelegate.swift */,
				0E90C00C1E03C6C9000D646E /* GSViewController.h */,
				0E90C00D1E03C6C9000D646E /* GSViewController.m */,
				0E4B31F51E0294A000F231F0 /* Main.storyboard */,
				0E4B31F81E0294A000F231F0 /* Assets.xcassets */,
				0E4B31FA1E0294A000F231F0 /* LaunchScreen.storyboard */,
				0E4B31FD1E0294A000F231F0 /* Info.plist */,
				0E90C00B1E03C6C8000D646E /* SocialSDKDemo-Bridging-Header.h */,
			);
			path = SocialSDKDemo;
			sourceTree = "<group>";
		};
		0E4B32091E02962C00F231F0 /* SocialSDK */ = {
			isa = PBXGroup;
			children = (
				F5ADC9781E029EC700632969 /* SocialLibraries */,
				0E4B32381E02973100F231F0 /* Classes */,
				0E4B320A1E02962C00F231F0 /* SocialSDK.h */,
				0E4B320B1E02962C00F231F0 /* Info.plist */,
			);
			path = SocialSDK;
			sourceTree = "<group>";
		};
		0E4B32381E02973100F231F0 /* Classes */ = {
			isa = PBXGroup;
			children = (
				0E31712C1E0387C500A75EA4 /* Core */,
				0E31712F1E0387C500A75EA4 /* UI */,
				0E3171231E02B7C800A75EA4 /* Login */,
				0E3171241E02B7C800A75EA4 /* Pay */,
				0E3171251E02B7C800A75EA4 /* Share */,
			);
			path = Classes;
			sourceTree = "<group>";
		};
		0EA864531E04E98400B9420D /* Sina */ = {
			isa = PBXGroup;
			children = (
				0EAE69671E04E32500238DF1 /* GSSinaPlatformParamConfig.h */,
				0EAE69681E04E32500238DF1 /* GSSinaPlatformParamConfig.m */,
			);
			name = Sina;
			sourceTree = "<group>";
		};
		0EA8645F1E04EC9600B9420D /* Logger */ = {
			isa = PBXGroup;
			children = (
				0E90C00F1E03C895000D646E /* GSLoggerConfig.h */,
				0E90C0101E03C895000D646E /* GSLoggerConfig.m */,
				0E90C0131E03C8B3000D646E /* GSLogger.h */,
			);
			name = Logger;
			sourceTree = "<group>";
		};
		0EA864601E04ECA600B9420D /* ConfigManager */ = {
			isa = PBXGroup;
			children = (
				0EDF13B51E03BA6F00C554FC /* GSPlatformParamConfigManager.h */,
				0EDF13B61E03BA6F00C554FC /* GSPlatformParamConfigManager.m */,
				0EDF13B91E03BA8B00C554FC /* GSPlatformType.h */,
			);
			name = ConfigManager;
			sourceTree = "<group>";
		};
		0EAE695C1E04E1B300238DF1 /* PlatformParamConfig */ = {
			isa = PBXGroup;
			children = (
				F56676361E05180B0018F4F9 /* QQ */,
				0EA864531E04E98400B9420D /* Sina */,
				0EAE695D1E04E2AC00238DF1 /* GSPlatformParamConfigProtocol.h */,
				0EAE695F1E04E2D000238DF1 /* GSBasePlatformParamConfig.h */,
				0EAE69601E04E2D000238DF1 /* GSBasePlatformParamConfig.m */,
			);
			name = PlatformParamConfig;
			sourceTree = "<group>";
		};
		0EDF13D21E03BB0D00C554FC /* QQ */ = {
			isa = PBXGroup;
			children = (
				0EDF13CE1E03BB0500C554FC /* GSQQShare.h */,
				0EDF13CF1E03BB0500C554FC /* GSQQShare.m */,
			);
			name = QQ;
			sourceTree = "<group>";
		};
		0EDF13D31E03BB1300C554FC /* Sina */ = {
			isa = PBXGroup;
			children = (
				0EDF13C61E03BADD00C554FC /* GSSinaShare.h */,
				0EDF13C71E03BADD00C554FC /* GSSinaShare.m */,
			);
			name = Sina;
			sourceTree = "<group>";
		};
		0EDF13D41E03BB1B00C554FC /* Base */ = {
			isa = PBXGroup;
			children = (
				0EF0382A1E04018100F11B4E /* GSShareResultProtocol.h */,
				0EF038261E04016100F11B4E /* GSShareResult.h */,
				0EF038271E04016100F11B4E /* GSShareResult.m */,
				0E90C0091E03C391000D646E /* GSShareProtocol.h */,
				0EDF13C21E03BAC500C554FC /* GSBaseShare.h */,
				0EDF13C31E03BAC500C554FC /* GSBaseShare.m */,
			);
			name = Base;
			sourceTree = "<group>";
		};
		CAE9A321ADA2282D12CD0928 /* Pods */ = {
			isa = PBXGroup;
			children = (
				9559809474D9F814326C3975 /* Pods-SocialSDK.debug.xcconfig */,
				257AA106F638C7438C63C51D /* Pods-SocialSDK.release.xcconfig */,
				059743971EFDA68B29DD7166 /* Pods-SocialSDKDemo.debug.xcconfig */,
				211A32EFE914CA25D164F791 /* Pods-SocialSDKDemo.release.xcconfig */,
			);
			name = Pods;
			sourceTree = "<group>";
		};
		E53E332F43DA01F024BE9E5F /* Frameworks */ = {
			isa = PBXGroup;
			children = (
				828793C50AC8B1B8F0E93277 /* Pods_SocialSDK.framework */,
				EAA65CA283A949C0585437B0 /* Pods_SocialSDKDemo.framework */,
			);
			name = Frameworks;
			sourceTree = "<group>";
		};
		F56676361E05180B0018F4F9 /* QQ */ = {
			isa = PBXGroup;
			children = (
				F56676371E0518380018F4F9 /* GSQQPlatformParamConfig.h */,
				F56676381E0518380018F4F9 /* GSQQPlatformParamConfig.m */,
			);
			name = QQ;
			sourceTree = "<group>";
		};
		F5ADC9781E029EC700632969 /* SocialLibraries */ = {
			isa = PBXGroup;
			children = (
				F5ADC9791E029EC700632969 /* QQ */,
			);
			name = SocialLibraries;
			path = SocialSDK/SocialLibraries;
			sourceTree = SOURCE_ROOT;
		};
		F5ADC9791E029EC700632969 /* QQ */ = {
			isa = PBXGroup;
			children = (
				F5ADC97A1E029EC700632969 /* TencentOpenAPI.framework */,
				F5ADC97B1E029EC700632969 /* TencentOpenApi_IOS_Bundle.bundle */,
			);
			path = QQ;
			sourceTree = "<group>";
		};
/* End PBXGroup section */

/* Begin PBXHeadersBuildPhase section */
		0E4B32051E02962C00F231F0 /* Headers */ = {
			isa = PBXHeadersBuildPhase;
			buildActionMask = 2147483647;
			files = (
				0E90C00A1E03C391000D646E /* GSShareProtocol.h in Headers */,
				0EAE69691E04E32500238DF1 /* GSSinaPlatformParamConfig.h in Headers */,
				0EAE695E1E04E2AC00238DF1 /* GSPlatformParamConfigProtocol.h in Headers */,
				0EDF13B71E03BA6F00C554FC /* GSPlatformParamConfigManager.h in Headers */,
				0E90C0111E03C895000D646E /* GSLoggerConfig.h in Headers */,
				F56676391E0518380018F4F9 /* GSQQPlatformParamConfig.h in Headers */,
				0EDF13CC1E03BAEA00C554FC /* GSShareManager.h in Headers */,
				0E90C0141E03CAF4000D646E /* GSPlatformType.h in Headers */,
				0EDF13C01E03BAB700C554FC /* GSPayManager.h in Headers */,
				0E4B320C1E02962C00F231F0 /* SocialSDK.h in Headers */,
				0EDF13C81E03BADD00C554FC /* GSSinaShare.h in Headers */,
				0EDF13C41E03BAC500C554FC /* GSBaseShare.h in Headers */,
				0EF038281E04016100F11B4E /* GSShareResult.h in Headers */,
				0EDF13BC1E03BAA700C554FC /* GSLoginManager.h in Headers */,
				0EAE69611E04E2D000238DF1 /* GSBasePlatformParamConfig.h in Headers */,
				0EDF13D01E03BB0500C554FC /* GSQQShare.h in Headers */,
				0EF0382B1E04018100F11B4E /* GSShareResultProtocol.h in Headers */,
			);
			runOnlyForDeploymentPostprocessing = 0;
		};
/* End PBXHeadersBuildPhase section */

/* Begin PBXNativeTarget section */
		0E4B31ED1E0294A000F231F0 /* SocialSDKDemo */ = {
			isa = PBXNativeTarget;
			buildConfigurationList = 0E4B32001E0294A000F231F0 /* Build configuration list for PBXNativeTarget "SocialSDKDemo" */;
			buildPhases = (
				CC0B0111F211B6DE6D3F3570 /* [CP] Check Pods Manifest.lock */,
				0E4B31EA1E0294A000F231F0 /* Sources */,
				0E4B31EB1E0294A000F231F0 /* Frameworks */,
				0E4B31EC1E0294A000F231F0 /* Resources */,
				0E4B32141E02962C00F231F0 /* Embed Frameworks */,
				4CDDDFF1C54B8793C443DE4C /* [CP] Embed Pods Frameworks */,
				AC3C9FD864FCA0CD622CB587 /* [CP] Copy Pods Resources */,
			);
			buildRules = (
			);
			dependencies = (
				0E4B320E1E02962C00F231F0 /* PBXTargetDependency */,
			);
			name = SocialSDKDemo;
			productName = SocialSDKDemo;
			productReference = 0E4B31EE1E0294A000F231F0 /* SocialSDKDemo.app */;
			productType = "com.apple.product-type.application";
		};
		0E4B32071E02962C00F231F0 /* SocialSDK */ = {
			isa = PBXNativeTarget;
			buildConfigurationList = 0E4B32131E02962C00F231F0 /* Build configuration list for PBXNativeTarget "SocialSDK" */;
			buildPhases = (
				BB93FD2D01FDF749F9952DE8 /* [CP] Check Pods Manifest.lock */,
				0E4B32031E02962C00F231F0 /* Sources */,
				0E4B32041E02962C00F231F0 /* Frameworks */,
				0E4B32051E02962C00F231F0 /* Headers */,
				0E4B32061E02962C00F231F0 /* Resources */,
				DD5AC484DC31C8ED9ECDC442 /* [CP] Copy Pods Resources */,
			);
			buildRules = (
			);
			dependencies = (
			);
			name = SocialSDK;
			productName = SocialSDK;
			productReference = 0E4B32081E02962C00F231F0 /* SocialSDK.framework */;
			productType = "com.apple.product-type.framework";
		};
/* End PBXNativeTarget section */

/* Begin PBXProject section */
		0E4B31E61E0294A000F231F0 /* Project object */ = {
			isa = PBXProject;
			attributes = {
				LastSwiftUpdateCheck = 0820;
				LastUpgradeCheck = 0820;
				ORGANIZATIONNAME = GagSquad;
				TargetAttributes = {
					0E4B31ED1E0294A000F231F0 = {
						CreatedOnToolsVersion = 8.2;
						LastSwiftMigration = 0820;
						ProvisioningStyle = Manual;
					};
					0E4B32071E02962C00F231F0 = {
						CreatedOnToolsVersion = 8.2;
						LastSwiftMigration = 0820;
						ProvisioningStyle = Manual;
					};
				};
			};
			buildConfigurationList = 0E4B31E91E0294A000F231F0 /* Build configuration list for PBXProject "SocialSDKDemo" */;
			compatibilityVersion = "Xcode 3.2";
			developmentRegion = English;
			hasScannedForEncodings = 0;
			knownRegions = (
				en,
				Base,
			);
			mainGroup = 0E4B31E51E0294A000F231F0;
			productRefGroup = 0E4B31EF1E0294A000F231F0 /* Products */;
			projectDirPath = "";
			projectRoot = "";
			targets = (
				0E4B31ED1E0294A000F231F0 /* SocialSDKDemo */,
				0E4B32071E02962C00F231F0 /* SocialSDK */,
			);
		};
/* End PBXProject section */

/* Begin PBXResourcesBuildPhase section */
		0E4B31EC1E0294A000F231F0 /* Resources */ = {
			isa = PBXResourcesBuildPhase;
			buildActionMask = 2147483647;
			files = (
				0E4B31FC1E0294A000F231F0 /* LaunchScreen.storyboard in Resources */,
				0E4B31F91E0294A000F231F0 /* Assets.xcassets in Resources */,
				0E4B31F71E0294A000F231F0 /* Main.storyboard in Resources */,
			);
			runOnlyForDeploymentPostprocessing = 0;
		};
		0E4B32061E02962C00F231F0 /* Resources */ = {
			isa = PBXResourcesBuildPhase;
			buildActionMask = 2147483647;
			files = (
				F5ADC98B1E029EC700632969 /* TencentOpenApi_IOS_Bundle.bundle in Resources */,
			);
			runOnlyForDeploymentPostprocessing = 0;
		};
/* End PBXResourcesBuildPhase section */

/* Begin PBXShellScriptBuildPhase section */
		4CDDDFF1C54B8793C443DE4C /* [CP] Embed Pods Frameworks */ = {
			isa = PBXShellScriptBuildPhase;
			buildActionMask = 2147483647;
			files = (
			);
			inputPaths = (
			);
			name = "[CP] Embed Pods Frameworks";
			outputPaths = (
			);
			runOnlyForDeploymentPostprocessing = 0;
			shellPath = /bin/sh;
			shellScript = "\"${SRCROOT}/Pods/Target Support Files/Pods-SocialSDKDemo/Pods-SocialSDKDemo-frameworks.sh\"\n";
			showEnvVarsInLog = 0;
		};
		AC3C9FD864FCA0CD622CB587 /* [CP] Copy Pods Resources */ = {
			isa = PBXShellScriptBuildPhase;
			buildActionMask = 2147483647;
			files = (
			);
			inputPaths = (
			);
			name = "[CP] Copy Pods Resources";
			outputPaths = (
			);
			runOnlyForDeploymentPostprocessing = 0;
			shellPath = /bin/sh;
			shellScript = "\"${SRCROOT}/Pods/Target Support Files/Pods-SocialSDKDemo/Pods-SocialSDKDemo-resources.sh\"\n";
			showEnvVarsInLog = 0;
		};
		BB93FD2D01FDF749F9952DE8 /* [CP] Check Pods Manifest.lock */ = {
			isa = PBXShellScriptBuildPhase;
			buildActionMask = 2147483647;
			files = (
			);
			inputPaths = (
			);
			name = "[CP] Check Pods Manifest.lock";
			outputPaths = (
			);
			runOnlyForDeploymentPostprocessing = 0;
			shellPath = /bin/sh;
			shellScript = "diff \"${PODS_ROOT}/../Podfile.lock\" \"${PODS_ROOT}/Manifest.lock\" > /dev/null\nif [ $? != 0 ] ; then\n    # print error to STDERR\n    echo \"error: The sandbox is not in sync with the Podfile.lock. Run 'pod install' or update your CocoaPods installation.\" >&2\n    exit 1\nfi\n";
			showEnvVarsInLog = 0;
		};
		CC0B0111F211B6DE6D3F3570 /* [CP] Check Pods Manifest.lock */ = {
			isa = PBXShellScriptBuildPhase;
			buildActionMask = 2147483647;
			files = (
			);
			inputPaths = (
			);
			name = "[CP] Check Pods Manifest.lock";
			outputPaths = (
			);
			runOnlyForDeploymentPostprocessing = 0;
			shellPath = /bin/sh;
			shellScript = "diff \"${PODS_ROOT}/../Podfile.lock\" \"${PODS_ROOT}/Manifest.lock\" > /dev/null\nif [ $? != 0 ] ; then\n    # print error to STDERR\n    echo \"error: The sandbox is not in sync with the Podfile.lock. Run 'pod install' or update your CocoaPods installation.\" >&2\n    exit 1\nfi\n";
			showEnvVarsInLog = 0;
		};
		DD5AC484DC31C8ED9ECDC442 /* [CP] Copy Pods Resources */ = {
			isa = PBXShellScriptBuildPhase;
			buildActionMask = 2147483647;
			files = (
			);
			inputPaths = (
			);
			name = "[CP] Copy Pods Resources";
			outputPaths = (
			);
			runOnlyForDeploymentPostprocessing = 0;
			shellPath = /bin/sh;
			shellScript = "\"${SRCROOT}/Pods/Target Support Files/Pods-SocialSDK/Pods-SocialSDK-resources.sh\"\n";
			showEnvVarsInLog = 0;
		};
/* End PBXShellScriptBuildPhase section */

/* Begin PBXSourcesBuildPhase section */
		0E4B31EA1E0294A000F231F0 /* Sources */ = {
			isa = PBXSourcesBuildPhase;
			buildActionMask = 2147483647;
			files = (
				0E90C00E1E03C6C9000D646E /* GSViewController.m in Sources */,
				0E4B31F21E0294A000F231F0 /* AppDelegate.swift in Sources */,
			);
			runOnlyForDeploymentPostprocessing = 0;
		};
		0E4B32031E02962C00F231F0 /* Sources */ = {
			isa = PBXSourcesBuildPhase;
			buildActionMask = 2147483647;
			files = (
				0EDF13BD1E03BAA700C554FC /* GSLoginManager.m in Sources */,
				F566763A1E0518380018F4F9 /* GSQQPlatformParamConfig.m in Sources */,
				0EDF13D11E03BB0500C554FC /* GSQQShare.m in Sources */,
				0E3171371E03887200A75EA4 /* TestUI.swift in Sources */,
				0E90C0121E03C895000D646E /* GSLoggerConfig.m in Sources */,
				0EF038291E04016100F11B4E /* GSShareResult.m in Sources */,
				0EDF13C91E03BADD00C554FC /* GSSinaShare.m in Sources */,
				0EDF13C51E03BAC500C554FC /* GSBaseShare.m in Sources */,
				0EAE69621E04E2D000238DF1 /* GSBasePlatformParamConfig.m in Sources */,
				0EDF13B81E03BA6F00C554FC /* GSPlatformParamConfigManager.m in Sources */,
				0EDF13CD1E03BAEA00C554FC /* GSShareManager.mm in Sources */,
				0EDF13C11E03BAB700C554FC /* GSPayManager.m in Sources */,
				0EAE696A1E04E32500238DF1 /* GSSinaPlatformParamConfig.m in Sources */,
			);
			runOnlyForDeploymentPostprocessing = 0;
		};
/* End PBXSourcesBuildPhase section */

/* Begin PBXTargetDependency section */
		0E4B320E1E02962C00F231F0 /* PBXTargetDependency */ = {
			isa = PBXTargetDependency;
			target = 0E4B32071E02962C00F231F0 /* SocialSDK */;
			targetProxy = 0E4B320D1E02962C00F231F0 /* PBXContainerItemProxy */;
		};
/* End PBXTargetDependency section */

/* Begin PBXVariantGroup section */
		0E4B31F51E0294A000F231F0 /* Main.storyboard */ = {
			isa = PBXVariantGroup;
			children = (
				0E4B31F61E0294A000F231F0 /* Base */,
			);
			name = Main.storyboard;
			sourceTree = "<group>";
		};
		0E4B31FA1E0294A000F231F0 /* LaunchScreen.storyboard */ = {
			isa = PBXVariantGroup;
			children = (
				0E4B31FB1E0294A000F231F0 /* Base */,
			);
			name = LaunchScreen.storyboard;
			sourceTree = "<group>";
		};
/* End PBXVariantGroup section */

/* Begin XCBuildConfiguration section */
		0E4B31FE1E0294A000F231F0 /* Debug */ = {
			isa = XCBuildConfiguration;
			buildSettings = {
				ALWAYS_SEARCH_USER_PATHS = NO;
				CLANG_ANALYZER_NONNULL = YES;
				CLANG_CXX_LANGUAGE_STANDARD = "gnu++0x";
				CLANG_CXX_LIBRARY = "libc++";
				CLANG_ENABLE_MODULES = YES;
				CLANG_ENABLE_OBJC_ARC = YES;
				CLANG_WARN_BOOL_CONVERSION = YES;
				CLANG_WARN_CONSTANT_CONVERSION = YES;
				CLANG_WARN_DIRECT_OBJC_ISA_USAGE = YES_ERROR;
				CLANG_WARN_DOCUMENTATION_COMMENTS = YES;
				CLANG_WARN_EMPTY_BODY = YES;
				CLANG_WARN_ENUM_CONVERSION = YES;
				CLANG_WARN_INFINITE_RECURSION = YES;
				CLANG_WARN_INT_CONVERSION = YES;
				CLANG_WARN_OBJC_ROOT_CLASS = YES_ERROR;
				CLANG_WARN_SUSPICIOUS_MOVE = YES;
				CLANG_WARN_UNREACHABLE_CODE = YES;
				CLANG_WARN__DUPLICATE_METHOD_MATCH = YES;
				"CODE_SIGN_IDENTITY[sdk=iphoneos*]" = "iPhone Developer";
				COPY_PHASE_STRIP = NO;
				DEBUG_INFORMATION_FORMAT = dwarf;
				ENABLE_STRICT_OBJC_MSGSEND = YES;
				ENABLE_TESTABILITY = YES;
				GCC_C_LANGUAGE_STANDARD = gnu99;
				GCC_DYNAMIC_NO_PIC = NO;
				GCC_NO_COMMON_BLOCKS = YES;
				GCC_OPTIMIZATION_LEVEL = 0;
				GCC_PREPROCESSOR_DEFINITIONS = (
					"DEBUG=1",
					"$(inherited)",
				);
				GCC_WARN_64_TO_32_BIT_CONVERSION = YES;
				GCC_WARN_ABOUT_RETURN_TYPE = YES_ERROR;
				GCC_WARN_UNDECLARED_SELECTOR = YES;
				GCC_WARN_UNINITIALIZED_AUTOS = YES_AGGRESSIVE;
				GCC_WARN_UNUSED_FUNCTION = YES;
				GCC_WARN_UNUSED_VARIABLE = YES;
				IPHONEOS_DEPLOYMENT_TARGET = 10.2;
				MTL_ENABLE_DEBUG_INFO = YES;
				ONLY_ACTIVE_ARCH = YES;
				SDKROOT = iphoneos;
				SWIFT_ACTIVE_COMPILATION_CONDITIONS = DEBUG;
				SWIFT_OPTIMIZATION_LEVEL = "-Onone";
			};
			name = Debug;
		};
		0E4B31FF1E0294A000F231F0 /* Release */ = {
			isa = XCBuildConfiguration;
			buildSettings = {
				ALWAYS_SEARCH_USER_PATHS = NO;
				CLANG_ANALYZER_NONNULL = YES;
				CLANG_CXX_LANGUAGE_STANDARD = "gnu++0x";
				CLANG_CXX_LIBRARY = "libc++";
				CLANG_ENABLE_MODULES = YES;
				CLANG_ENABLE_OBJC_ARC = YES;
				CLANG_WARN_BOOL_CONVERSION = YES;
				CLANG_WARN_CONSTANT_CONVERSION = YES;
				CLANG_WARN_DIRECT_OBJC_ISA_USAGE = YES_ERROR;
				CLANG_WARN_DOCUMENTATION_COMMENTS = YES;
				CLANG_WARN_EMPTY_BODY = YES;
				CLANG_WARN_ENUM_CONVERSION = YES;
				CLANG_WARN_INFINITE_RECURSION = YES;
				CLANG_WARN_INT_CONVERSION = YES;
				CLANG_WARN_OBJC_ROOT_CLASS = YES_ERROR;
				CLANG_WARN_SUSPICIOUS_MOVE = YES;
				CLANG_WARN_UNREACHABLE_CODE = YES;
				CLANG_WARN__DUPLICATE_METHOD_MATCH = YES;
				"CODE_SIGN_IDENTITY[sdk=iphoneos*]" = "iPhone Developer";
				COPY_PHASE_STRIP = NO;
				DEBUG_INFORMATION_FORMAT = "dwarf-with-dsym";
				ENABLE_NS_ASSERTIONS = NO;
				ENABLE_STRICT_OBJC_MSGSEND = YES;
				GCC_C_LANGUAGE_STANDARD = gnu99;
				GCC_NO_COMMON_BLOCKS = YES;
				GCC_WARN_64_TO_32_BIT_CONVERSION = YES;
				GCC_WARN_ABOUT_RETURN_TYPE = YES_ERROR;
				GCC_WARN_UNDECLARED_SELECTOR = YES;
				GCC_WARN_UNINITIALIZED_AUTOS = YES_AGGRESSIVE;
				GCC_WARN_UNUSED_FUNCTION = YES;
				GCC_WARN_UNUSED_VARIABLE = YES;
				IPHONEOS_DEPLOYMENT_TARGET = 10.2;
				MTL_ENABLE_DEBUG_INFO = NO;
				SDKROOT = iphoneos;
				SWIFT_OPTIMIZATION_LEVEL = "-Owholemodule";
				VALIDATE_PRODUCT = YES;
			};
			name = Release;
		};
		0E4B32011E0294A000F231F0 /* Debug */ = {
			isa = XCBuildConfiguration;
			baseConfigurationReference = 059743971EFDA68B29DD7166 /* Pods-SocialSDKDemo.debug.xcconfig */;
			buildSettings = {
				ALWAYS_EMBED_SWIFT_STANDARD_LIBRARIES = YES;
				ASSETCATALOG_COMPILER_APPICON_NAME = AppIcon;
				CLANG_ENABLE_MODULES = YES;
				"CODE_SIGN_IDENTITY[sdk=iphoneos*]" = "iPhone Developer";
				DEVELOPMENT_TEAM = "";
				INFOPLIST_FILE = SocialSDKDemo/Info.plist;
				IPHONEOS_DEPLOYMENT_TARGET = 8.0;
				LD_RUNPATH_SEARCH_PATHS = "$(inherited) @executable_path/Frameworks";
				PRODUCT_BUNDLE_IDENTIFIER = com.xingengyuan.wanduoduo;
				PRODUCT_NAME = "$(TARGET_NAME)";
				PROVISIONING_PROFILE = "";
				PROVISIONING_PROFILE_SPECIFIER = "";
				SWIFT_OBJC_BRIDGING_HEADER = "SocialSDKDemo/SocialSDKDemo-Bridging-Header.h";
				SWIFT_OPTIMIZATION_LEVEL = "-Onone";
				SWIFT_VERSION = 3.0;
				TARGETED_DEVICE_FAMILY = "1,2";
			};
			name = Debug;
		};
		0E4B32021E0294A000F231F0 /* Release */ = {
			isa = XCBuildConfiguration;
			baseConfigurationReference = 211A32EFE914CA25D164F791 /* Pods-SocialSDKDemo.release.xcconfig */;
			buildSettings = {
				ALWAYS_EMBED_SWIFT_STANDARD_LIBRARIES = YES;
				ASSETCATALOG_COMPILER_APPICON_NAME = AppIcon;
				CLANG_ENABLE_MODULES = YES;
				"CODE_SIGN_IDENTITY[sdk=iphoneos*]" = "iPhone Developer";
				DEVELOPMENT_TEAM = "";
				INFOPLIST_FILE = SocialSDKDemo/Info.plist;
				IPHONEOS_DEPLOYMENT_TARGET = 8.0;
				LD_RUNPATH_SEARCH_PATHS = "$(inherited) @executable_path/Frameworks";
				PRODUCT_BUNDLE_IDENTIFIER = com.xingengyuan.wanduoduo;
				PRODUCT_NAME = "$(TARGET_NAME)";
				SWIFT_OBJC_BRIDGING_HEADER = "SocialSDKDemo/SocialSDKDemo-Bridging-Header.h";
				SWIFT_VERSION = 3.0;
				TARGETED_DEVICE_FAMILY = "1,2";
			};
			name = Release;
		};
		0E4B32111E02962C00F231F0 /* Debug */ = {
			isa = XCBuildConfiguration;
			baseConfigurationReference = 9559809474D9F814326C3975 /* Pods-SocialSDK.debug.xcconfig */;
			buildSettings = {
				CLANG_ENABLE_MODULES = YES;
				CODE_SIGN_IDENTITY = "";
				CURRENT_PROJECT_VERSION = 1;
				DEFINES_MODULE = YES;
				DEVELOPMENT_TEAM = "";
				DYLIB_COMPATIBILITY_VERSION = 1;
				DYLIB_CURRENT_VERSION = 1;
				DYLIB_INSTALL_NAME_BASE = "@rpath";
				FRAMEWORK_SEARCH_PATHS = (
					"$(inherited)",
					"$(PROJECT_DIR)/SocialSDK/SocialLibraries/QQ",
				);
				INFOPLIST_FILE = SocialSDK/Info.plist;
				INSTALL_PATH = "$(LOCAL_LIBRARY_DIR)/Frameworks";
				IPHONEOS_DEPLOYMENT_TARGET = 8.0;
				LD_RUNPATH_SEARCH_PATHS = "$(inherited) @executable_path/Frameworks @loader_path/Frameworks";
				LIBRARY_SEARCH_PATHS = (
					"$(inherited)",
					"$(PROJECT_DIR)/SocialSDK/SocialLibraries/Sina",
				);
				PRODUCT_BUNDLE_IDENTIFIER = com.GagSquad.SocialSDK;
				PRODUCT_NAME = "$(TARGET_NAME)";
				SKIP_INSTALL = YES;
				SWIFT_OPTIMIZATION_LEVEL = "-Onone";
				SWIFT_VERSION = 3.0;
				TARGETED_DEVICE_FAMILY = "1,2";
				VERSIONING_SYSTEM = "apple-generic";
				VERSION_INFO_PREFIX = "";
			};
			name = Debug;
		};
		0E4B32121E02962C00F231F0 /* Release */ = {
			isa = XCBuildConfiguration;
			baseConfigurationReference = 257AA106F638C7438C63C51D /* Pods-SocialSDK.release.xcconfig */;
			buildSettings = {
				CLANG_ENABLE_MODULES = YES;
				CODE_SIGN_IDENTITY = "";
				CURRENT_PROJECT_VERSION = 1;
				DEFINES_MODULE = YES;
				DEVELOPMENT_TEAM = "";
				DYLIB_COMPATIBILITY_VERSION = 1;
				DYLIB_CURRENT_VERSION = 1;
				DYLIB_INSTALL_NAME_BASE = "@rpath";
				FRAMEWORK_SEARCH_PATHS = (
					"$(inherited)",
					"$(PROJECT_DIR)/SocialSDK/SocialLibraries/QQ",
				);
				INFOPLIST_FILE = SocialSDK/Info.plist;
				INSTALL_PATH = "$(LOCAL_LIBRARY_DIR)/Frameworks";
				IPHONEOS_DEPLOYMENT_TARGET = 8.0;
				LD_RUNPATH_SEARCH_PATHS = "$(inherited) @executable_path/Frameworks @loader_path/Frameworks";
				LIBRARY_SEARCH_PATHS = (
					"$(inherited)",
					"$(PROJECT_DIR)/SocialSDK/SocialLibraries/Sina",
				);
				PRODUCT_BUNDLE_IDENTIFIER = com.GagSquad.SocialSDK;
				PRODUCT_NAME = "$(TARGET_NAME)";
				SKIP_INSTALL = YES;
				SWIFT_VERSION = 3.0;
				TARGETED_DEVICE_FAMILY = "1,2";
				VERSIONING_SYSTEM = "apple-generic";
				VERSION_INFO_PREFIX = "";
			};
			name = Release;
		};
/* End XCBuildConfiguration section */

/* Begin XCConfigurationList section */
		0E4B31E91E0294A000F231F0 /* Build configuration list for PBXProject "SocialSDKDemo" */ = {
			isa = XCConfigurationList;
			buildConfigurations = (
				0E4B31FE1E0294A000F231F0 /* Debug */,
				0E4B31FF1E0294A000F231F0 /* Release */,
			);
			defaultConfigurationIsVisible = 0;
			defaultConfigurationName = Release;
		};
		0E4B32001E0294A000F231F0 /* Build configuration list for PBXNativeTarget "SocialSDKDemo" */ = {
			isa = XCConfigurationList;
			buildConfigurations = (
				0E4B32011E0294A000F231F0 /* Debug */,
				0E4B32021E0294A000F231F0 /* Release */,
			);
			defaultConfigurationIsVisible = 0;
			defaultConfigurationName = Release;
		};
		0E4B32131E02962C00F231F0 /* Build configuration list for PBXNativeTarget "SocialSDK" */ = {
			isa = XCConfigurationList;
			buildConfigurations = (
				0E4B32111E02962C00F231F0 /* Debug */,
				0E4B32121E02962C00F231F0 /* Release */,
			);
			defaultConfigurationIsVisible = 0;
			defaultConfigurationName = Release;
		};
/* End XCConfigurationList section */
	};
	rootObject = 0E4B31E61E0294A000F231F0 /* Project object */;
}
